// !$*UTF8*$!
{
	archiveVersion = 1;
	classes = {
	};
	objectVersion = 55;
	objects = {

/* Begin PBXBuildFile section */
		371A7C5D2A5120CA0095C744 /* (null) in Sources */ = {isa = PBXBuildFile; };
		371A7C632A5133C80095C744 /* UIViewController+Extension.swift in Sources */ = {isa = PBXBuildFile; fileRef = 371A7C622A5133C80095C744 /* UIViewController+Extension.swift */; };
		372F7F362A540D270032B7BC /* OnboardingView.swift in Sources */ = {isa = PBXBuildFile; fileRef = 372F7F352A540D270032B7BC /* OnboardingView.swift */; };
		372F7F382A5446390032B7BC /* KeyboardFollowable.swift in Sources */ = {isa = PBXBuildFile; fileRef = 372F7F372A5446390032B7BC /* KeyboardFollowable.swift */; };
		37310F142A5535B20046E777 /* PickAlbumButtonCollectionViewCell.swift in Sources */ = {isa = PBXBuildFile; fileRef = 37310F132A5535B20046E777 /* PickAlbumButtonCollectionViewCell.swift */; };
		376BF6502A548FB60007D4C3 /* Pretendard-Bold.otf in Resources */ = {isa = PBXBuildFile; fileRef = 376BF64F2A548FB60007D4C3 /* Pretendard-Bold.otf */; };
		377EF7D52A4EFB5000E3268D /* PophoryButton.swift in Sources */ = {isa = PBXBuildFile; fileRef = 377EF7D42A4EFB5000E3268D /* PophoryButton.swift */; };
		377EF7DB2A4F14DA00E3268D /* PophoryButtonBuilder.swift in Sources */ = {isa = PBXBuildFile; fileRef = 377EF7DA2A4F14DA00E3268D /* PophoryButtonBuilder.swift */; };
		377EF7DE2A4F47FB00E3268D /* NameInputViewController.swift in Sources */ = {isa = PBXBuildFile; fileRef = 377EF7DD2A4F47FB00E3268D /* NameInputViewController.swift */; };
		377EF7E02A4F489B00E3268D /* IDInputViewController.swift in Sources */ = {isa = PBXBuildFile; fileRef = 377EF7DF2A4F489B00E3268D /* IDInputViewController.swift */; };
		377EF7E22A4F48BE00E3268D /* PickAlbumCoverViewController.swift in Sources */ = {isa = PBXBuildFile; fileRef = 377EF7E12A4F48BE00E3268D /* PickAlbumCoverViewController.swift */; };
		377EF7E72A4F4C8700E3268D /* NameInputView.swift in Sources */ = {isa = PBXBuildFile; fileRef = 377EF7E62A4F4C8700E3268D /* NameInputView.swift */; };
		377EF7E92A4F4CA500E3268D /* IDInputView.swift in Sources */ = {isa = PBXBuildFile; fileRef = 377EF7E82A4F4CA500E3268D /* IDInputView.swift */; };
		377EF7EB2A4F4CBD00E3268D /* PickAlbumCoverView.swift in Sources */ = {isa = PBXBuildFile; fileRef = 377EF7EA2A4F4CBD00E3268D /* PickAlbumCoverView.swift */; };
		377EF7EF2A4FC6E900E3268D /* PophoryNavigationConfigurator.swift in Sources */ = {isa = PBXBuildFile; fileRef = 377EF7EE2A4FC6E900E3268D /* PophoryNavigationConfigurator.swift */; };
		3782F4322A51E6D200FE3846 /* KeyboardManager.swift in Sources */ = {isa = PBXBuildFile; fileRef = 3782F4312A51E6D200FE3846 /* KeyboardManager.swift */; };
		3782F4342A528A3600FE3846 /* SignInView.swift in Sources */ = {isa = PBXBuildFile; fileRef = 3782F4332A528A3600FE3846 /* SignInView.swift */; };
		3782F4382A528BAF00FE3846 /* StartPophoryViewController.swift in Sources */ = {isa = PBXBuildFile; fileRef = 3782F4372A528BAF00FE3846 /* StartPophoryViewController.swift */; };
		3782F4402A52C6EB00FE3846 /* BaseInputView.swift in Sources */ = {isa = PBXBuildFile; fileRef = 3782F43F2A52C6EB00FE3846 /* BaseInputView.swift */; };
		3782F4422A52CD5A00FE3846 /* StartPophoryView.swift in Sources */ = {isa = PBXBuildFile; fileRef = 3782F4412A52CD5A00FE3846 /* StartPophoryView.swift */; };
		3782F4462A52F4BF00FE3846 /* OnboardingContentCollectionViewCell.swift in Sources */ = {isa = PBXBuildFile; fileRef = 3782F4452A52F4BF00FE3846 /* OnboardingContentCollectionViewCell.swift */; };
		37DCA6832A4A97AF00FF8F90 /* Moya in Frameworks */ = {isa = PBXBuildFile; productRef = 37DCA6822A4A97AF00FF8F90 /* Moya */; };
		37DCA6862A4A97CA00FF8F90 /* SnapKit in Frameworks */ = {isa = PBXBuildFile; productRef = 37DCA6852A4A97CA00FF8F90 /* SnapKit */; };
		37DCA6962A4AB5B900FF8F90 /* EntireAlbumsViewController.swift in Sources */ = {isa = PBXBuildFile; fileRef = 37DCA6952A4AB5B900FF8F90 /* EntireAlbumsViewController.swift */; };
		37DCA69A2A4AB6C900FF8F90 /* HomeAlbumViewController.swift in Sources */ = {isa = PBXBuildFile; fileRef = 37DCA6992A4AB6C900FF8F90 /* HomeAlbumViewController.swift */; };
		37DCA69C2A4AB6D300FF8F90 /* LeaveServiceViewController.swift in Sources */ = {isa = PBXBuildFile; fileRef = 37DCA69B2A4AB6D300FF8F90 /* LeaveServiceViewController.swift */; };
		37DCA69E2A4AB6DC00FF8F90 /* SettingsViewController.swift in Sources */ = {isa = PBXBuildFile; fileRef = 37DCA69D2A4AB6DC00FF8F90 /* SettingsViewController.swift */; };
		37DCA6A02A4AB6E600FF8F90 /* MypageViewController.swift in Sources */ = {isa = PBXBuildFile; fileRef = 37DCA69F2A4AB6E600FF8F90 /* MypageViewController.swift */; };
		37DCA6A22A4AB6EF00FF8F90 /* TabBarViewController.swift in Sources */ = {isa = PBXBuildFile; fileRef = 37DCA6A12A4AB6EF00FF8F90 /* TabBarViewController.swift */; };
		37DCA6A42A4AB6F600FF8F90 /* SplashViewController.swift in Sources */ = {isa = PBXBuildFile; fileRef = 37DCA6A32A4AB6F600FF8F90 /* SplashViewController.swift */; };
		37DCA6A62A4AB6FF00FF8F90 /* SignInViewController.swift in Sources */ = {isa = PBXBuildFile; fileRef = 37DCA6A52A4AB6FF00FF8F90 /* SignInViewController.swift */; };
		37DCA6A82A4AB71200FF8F90 /* OnboardingViewController.swift in Sources */ = {isa = PBXBuildFile; fileRef = 37DCA6A72A4AB71200FF8F90 /* OnboardingViewController.swift */; };
		37DCA6AC2A4ABAE200FF8F90 /* ColorLiterals.swift in Sources */ = {isa = PBXBuildFile; fileRef = 37DCA6AB2A4ABAE200FF8F90 /* ColorLiterals.swift */; };
		37DCA6AE2A4ABAF300FF8F90 /* FontLiterals.swift in Sources */ = {isa = PBXBuildFile; fileRef = 37DCA6AD2A4ABAF300FF8F90 /* FontLiterals.swift */; };
		37DCA6B32A4AC7CD00FF8F90 /* Pretendard-SemiBold.otf in Resources */ = {isa = PBXBuildFile; fileRef = 37DCA6B02A4AC7CC00FF8F90 /* Pretendard-SemiBold.otf */; };
		37DCA6B42A4AC7CD00FF8F90 /* Pretendard-Medium.otf in Resources */ = {isa = PBXBuildFile; fileRef = 37DCA6B12A4AC7CC00FF8F90 /* Pretendard-Medium.otf */; };
		37DCA6B52A4AC7CD00FF8F90 /* Pretendard-Regular.otf in Resources */ = {isa = PBXBuildFile; fileRef = 37DCA6B22A4AC7CD00FF8F90 /* Pretendard-Regular.otf */; };
		37DCA6B72A4ACE6200FF8F90 /* UILabel+Extension.swift in Sources */ = {isa = PBXBuildFile; fileRef = 37DCA6B62A4ACE6200FF8F90 /* UILabel+Extension.swift */; };
		37DCA6B92A4ACEC700FF8F90 /* UIScreen+Extension.swift in Sources */ = {isa = PBXBuildFile; fileRef = 37DCA6B82A4ACEC700FF8F90 /* UIScreen+Extension.swift */; };
		37EB69E92A4BEF5400075E4E /* BaseViewController.swift in Sources */ = {isa = PBXBuildFile; fileRef = 37EB69E82A4BEF5400075E4E /* BaseViewController.swift */; };
		6B29DC592A5494A000F93EC7 /* PhotoInfoStackView.swift in Sources */ = {isa = PBXBuildFile; fileRef = 6B29DC542A5494A000F93EC7 /* PhotoInfoStackView.swift */; };
		6B29DC5A2A5494A000F93EC7 /* AddPhotoView.swift in Sources */ = {isa = PBXBuildFile; fileRef = 6B29DC552A5494A000F93EC7 /* AddPhotoView.swift */; };
		6B29DC5B2A5494A000F93EC7 /* PhotoAlbumCollectionViewCell.swift in Sources */ = {isa = PBXBuildFile; fileRef = 6B29DC562A5494A000F93EC7 /* PhotoAlbumCollectionViewCell.swift */; };
		6B29DC5C2A5494A000F93EC7 /* AddPhotoViewController.swift in Sources */ = {isa = PBXBuildFile; fileRef = 6B29DC582A5494A000F93EC7 /* AddPhotoViewController.swift */; };
		6B488BDB2A57F12700A5033A /* BaseImagePickerViewController.swift in Sources */ = {isa = PBXBuildFile; fileRef = 6B488BDA2A57F12700A5033A /* BaseImagePickerViewController.swift */; };
		6BB37C652A5589F400E49B12 /* CustomModalPresentationController.swift in Sources */ = {isa = PBXBuildFile; fileRef = 6BB37C642A5589F400E49B12 /* CustomModalPresentationController.swift */; };
		6BB37C672A558A8B00E49B12 /* CustomModalTransitionDelegate.swift in Sources */ = {isa = PBXBuildFile; fileRef = 6BB37C662A558A8B00E49B12 /* CustomModalTransitionDelegate.swift */; };
		6BB37C6F2A55ADCF00E49B12 /* CalendarModalViewController.swift in Sources */ = {isa = PBXBuildFile; fileRef = 6BB37C6E2A55ADCF00E49B12 /* CalendarModalViewController.swift */; };
		6BB37C732A55EB7400E49B12 /* DateManager.swift in Sources */ = {isa = PBXBuildFile; fileRef = 6BB37C722A55EB7400E49B12 /* DateManager.swift */; };
		6BB37C772A55FA7E00E49B12 /* StudioModalViewController.swift in Sources */ = {isa = PBXBuildFile; fileRef = 6BB37C762A55FA7E00E49B12 /* StudioModalViewController.swift */; };
		6BB37C792A56000800E49B12 /* StudioCollectionViewCell.swift in Sources */ = {isa = PBXBuildFile; fileRef = 6BB37C782A56000800E49B12 /* StudioCollectionViewCell.swift */; };
		9161CADC2A545EA2002B8B77 /* PhotoCollectionViewCell.swift in Sources */ = {isa = PBXBuildFile; fileRef = 9161CADB2A545EA2002B8B77 /* PhotoCollectionViewCell.swift */; };
		9161CADF2A5460AA002B8B77 /* Kingfisher in Frameworks */ = {isa = PBXBuildFile; productRef = 9161CADE2A5460AA002B8B77 /* Kingfisher */; };
		9161CAE12A5464F0002B8B77 /* UICollectionView+Extension.swift in Sources */ = {isa = PBXBuildFile; fileRef = 9161CAE02A5464F0002B8B77 /* UICollectionView+Extension.swift */; };
		9161CAE32A546511002B8B77 /* ReusableView+Extesion.swift in Sources */ = {isa = PBXBuildFile; fileRef = 9161CAE22A546511002B8B77 /* ReusableView+Extesion.swift */; };
		9161CAE62A546DCD002B8B77 /* PhotoCollectionViewDataSource.swift in Sources */ = {isa = PBXBuildFile; fileRef = 9161CAE52A546DCC002B8B77 /* PhotoCollectionViewDataSource.swift */; };
		91F3A7582A51760B00C06D1B /* Navigatable.swift in Sources */ = {isa = PBXBuildFile; fileRef = 91F3A7572A51760B00C06D1B /* Navigatable.swift */; };
		91F3A7602A517E9E00C06D1B /* ImageLiterals.swift in Sources */ = {isa = PBXBuildFile; fileRef = 91F3A75F2A517E9E00C06D1B /* ImageLiterals.swift */; };
		91F3A7622A5206B100C06D1B /* HomeAlbumView.swift in Sources */ = {isa = PBXBuildFile; fileRef = 91F3A7612A5206B100C06D1B /* HomeAlbumView.swift */; };
		91F3A7662A52A87E00C06D1B /* PatchStudiosResponseDTO.swift in Sources */ = {isa = PBXBuildFile; fileRef = 91F3A7652A52A87E00C06D1B /* PatchStudiosResponseDTO.swift */; };
		91F3A76A2A52A93600C06D1B /* PostPhotoRequestDTO.swift in Sources */ = {isa = PBXBuildFile; fileRef = 91F3A7692A52A93600C06D1B /* PostPhotoRequestDTO.swift */; };
		91F3A76F2A52AA9100C06D1B /* PatchSignUpRequestDTO.swift in Sources */ = {isa = PBXBuildFile; fileRef = 91F3A76E2A52AA9100C06D1B /* PatchSignUpRequestDTO.swift */; };
		91F3A7712A52AADE00C06D1B /* PatchMyPageResponseDTO.swift in Sources */ = {isa = PBXBuildFile; fileRef = 91F3A7702A52AADE00C06D1B /* PatchMyPageResponseDTO.swift */; };
		91F3A7732A52AB5600C06D1B /* PatchUserInfoResponseDTO.swift in Sources */ = {isa = PBXBuildFile; fileRef = 91F3A7722A52AB5600C06D1B /* PatchUserInfoResponseDTO.swift */; };
		91F3A7762A52ABBE00C06D1B /* PatchAlbumListResponseDTO.swift in Sources */ = {isa = PBXBuildFile; fileRef = 91F3A7752A52ABBE00C06D1B /* PatchAlbumListResponseDTO.swift */; };
		91F3A7792A52AC3E00C06D1B /* Photos.swift in Sources */ = {isa = PBXBuildFile; fileRef = 91F3A7782A52AC3E00C06D1B /* Photos.swift */; };
		91F3A77B2A52AC8000C06D1B /* PatchAlbumPhotoListResponseDTO.swift in Sources */ = {isa = PBXBuildFile; fileRef = 91F3A77A2A52AC8000C06D1B /* PatchAlbumPhotoListResponseDTO.swift */; };
		91F3A77F2A52ADD900C06D1B /* MoyaLoggerPlugin.swift in Sources */ = {isa = PBXBuildFile; fileRef = 91F3A77E2A52ADD900C06D1B /* MoyaLoggerPlugin.swift */; };
		91F3A7812A52AE1900C06D1B /* BaseTargetType.swift in Sources */ = {isa = PBXBuildFile; fileRef = 91F3A7802A52AE1900C06D1B /* BaseTargetType.swift */; };
		91F3A7832A52AE2800C06D1B /* BaseURLConstant.swift in Sources */ = {isa = PBXBuildFile; fileRef = 91F3A7822A52AE2800C06D1B /* BaseURLConstant.swift */; };
		91F3A7852A52AE3900C06D1B /* NetworkResult.swift in Sources */ = {isa = PBXBuildFile; fileRef = 91F3A7842A52AE3900C06D1B /* NetworkResult.swift */; };
		91F3A7872A52AE4600C06D1B /* NetworkService.swift in Sources */ = {isa = PBXBuildFile; fileRef = 91F3A7862A52AE4600C06D1B /* NetworkService.swift */; };
		91F3A7892A52AE5A00C06D1B /* URLConstants.swift in Sources */ = {isa = PBXBuildFile; fileRef = 91F3A7882A52AE5A00C06D1B /* URLConstants.swift */; };
		91F3A78C2A52B21000C06D1B /* StudiosAPI.swift in Sources */ = {isa = PBXBuildFile; fileRef = 91F3A78B2A52B21000C06D1B /* StudiosAPI.swift */; };
		91F3A78E2A52B38000C06D1B /* PhotoAPI.swift in Sources */ = {isa = PBXBuildFile; fileRef = 91F3A78D2A52B38000C06D1B /* PhotoAPI.swift */; };
		91F3A7902A52B5DA00C06D1B /* MemberAPI.swift in Sources */ = {isa = PBXBuildFile; fileRef = 91F3A78F2A52B5DA00C06D1B /* MemberAPI.swift */; };
		91F3A7922A52B71800C06D1B /* AlbumAPI.swift in Sources */ = {isa = PBXBuildFile; fileRef = 91F3A7912A52B71800C06D1B /* AlbumAPI.swift */; };
		91F3A7942A52B96F00C06D1B /* AuthAPI.swift in Sources */ = {isa = PBXBuildFile; fileRef = 91F3A7932A52B96F00C06D1B /* AuthAPI.swift */; };
		91F3A7972A52D04200C06D1B /* BaseRepository.swift in Sources */ = {isa = PBXBuildFile; fileRef = 91F3A7962A52D04200C06D1B /* BaseRepository.swift */; };
		91F3A79C2A52D2DE00C06D1B /* StudioRepository.swift in Sources */ = {isa = PBXBuildFile; fileRef = 91F3A79B2A52D2DE00C06D1B /* StudioRepository.swift */; };
		91F3A79E2A52D31000C06D1B /* PhotoRepository.swift in Sources */ = {isa = PBXBuildFile; fileRef = 91F3A79D2A52D31000C06D1B /* PhotoRepository.swift */; };
		91F3A7A02A52D36F00C06D1B /* MemberRepository.swift in Sources */ = {isa = PBXBuildFile; fileRef = 91F3A79F2A52D36F00C06D1B /* MemberRepository.swift */; };
		91F3A7A22A52D40A00C06D1B /* AlbumRepository.swift in Sources */ = {isa = PBXBuildFile; fileRef = 91F3A7A12A52D40A00C06D1B /* AlbumRepository.swift */; };
		91F3A7A42A52D52200C06D1B /* AuthRepository.swift in Sources */ = {isa = PBXBuildFile; fileRef = 91F3A7A32A52D52200C06D1B /* AuthRepository.swift */; };
		91F3A7A62A52D57700C06D1B /* DefaultStudioRepository.swift in Sources */ = {isa = PBXBuildFile; fileRef = 91F3A7A52A52D57700C06D1B /* DefaultStudioRepository.swift */; };
		91F3A7A82A52D6C100C06D1B /* DefaultPhotoRepository.swift in Sources */ = {isa = PBXBuildFile; fileRef = 91F3A7A72A52D6C100C06D1B /* DefaultPhotoRepository.swift */; };
		91F3A7AA2A52D90800C06D1B /* DefaultMemberRepository.swift in Sources */ = {isa = PBXBuildFile; fileRef = 91F3A7A92A52D90800C06D1B /* DefaultMemberRepository.swift */; };
		91F3A7AC2A52F23D00C06D1B /* DefaultAlbumRespository.swift in Sources */ = {isa = PBXBuildFile; fileRef = 91F3A7AB2A52F23D00C06D1B /* DefaultAlbumRespository.swift */; };
		91F3A7AE2A52F2F700C06D1B /* DefaultAuthRepository.swift in Sources */ = {isa = PBXBuildFile; fileRef = 91F3A7AD2A52F2F700C06D1B /* DefaultAuthRepository.swift */; };
		91F3A7B02A52F97700C06D1B /* AlbumDetailViewController.swift in Sources */ = {isa = PBXBuildFile; fileRef = 91F3A7AF2A52F97700C06D1B /* AlbumDetailViewController.swift */; };
		91F3A7B22A52F99F00C06D1B /* AlbumDetailView.swift in Sources */ = {isa = PBXBuildFile; fileRef = 91F3A7B12A52F99F00C06D1B /* AlbumDetailView.swift */; };
		91F3A7B42A53077F00C06D1B /* ChangeSortViewController.swift in Sources */ = {isa = PBXBuildFile; fileRef = 91F3A7B32A53077F00C06D1B /* ChangeSortViewController.swift */; };
		91F3A7B72A53183800C06D1B /* ChangeSortView.swift in Sources */ = {isa = PBXBuildFile; fileRef = 91F3A7B62A53183800C06D1B /* ChangeSortView.swift */; };
		B1631F0B2A1759EA0050974F /* AppDelegate.swift in Sources */ = {isa = PBXBuildFile; fileRef = B1631F0A2A1759EA0050974F /* AppDelegate.swift */; };
		B1631F0D2A1759EA0050974F /* SceneDelegate.swift in Sources */ = {isa = PBXBuildFile; fileRef = B1631F0C2A1759EA0050974F /* SceneDelegate.swift */; };
		B1631F0F2A1759EA0050974F /* ViewController.swift in Sources */ = {isa = PBXBuildFile; fileRef = B1631F0E2A1759EA0050974F /* ViewController.swift */; };
		B1631F142A1759EB0050974F /* Assets.xcassets in Resources */ = {isa = PBXBuildFile; fileRef = B1631F132A1759EB0050974F /* Assets.xcassets */; };
		B1631F172A1759EB0050974F /* LaunchScreen.storyboard in Resources */ = {isa = PBXBuildFile; fileRef = B1631F152A1759EB0050974F /* LaunchScreen.storyboard */; };
		B1631F222A1759EB0050974F /* pophory-iOSTests.swift in Sources */ = {isa = PBXBuildFile; fileRef = B1631F212A1759EB0050974F /* pophory-iOSTests.swift */; };
		B1631F2C2A1759EB0050974F /* pophoryUITests.swift in Sources */ = {isa = PBXBuildFile; fileRef = B1631F2B2A1759EB0050974F /* pophoryUITests.swift */; };
		B1631F2E2A1759EB0050974F /* pophoryUITestsLaunchTests.swift in Sources */ = {isa = PBXBuildFile; fileRef = B1631F2D2A1759EB0050974F /* pophoryUITestsLaunchTests.swift */; };
		B1631F482A175C780050974F /* UIView+Extension.swift in Sources */ = {isa = PBXBuildFile; fileRef = B1631F472A175C780050974F /* UIView+Extension.swift */; };
		B1631F4A2A175D5C0050974F /* UIButton+Extension.swift in Sources */ = {isa = PBXBuildFile; fileRef = B1631F492A175D5C0050974F /* UIButton+Extension.swift */; };
		B1631F4C2A175DC80050974F /* NSMutableAttributedString+Extension.swift in Sources */ = {isa = PBXBuildFile; fileRef = B1631F4B2A175DC80050974F /* NSMutableAttributedString+Extension.swift */; };
		B1631F4E2A175E350050974F /* UIStackView+Extension.swift in Sources */ = {isa = PBXBuildFile; fileRef = B1631F4D2A175E350050974F /* UIStackView+Extension.swift */; };
		B1631F502A175E840050974F /* String+Extension.swift in Sources */ = {isa = PBXBuildFile; fileRef = B1631F4F2A175E840050974F /* String+Extension.swift */; };
		B1631F522A175EDB0050974F /* UIResponder+Extension.swift in Sources */ = {isa = PBXBuildFile; fileRef = B1631F512A175EDB0050974F /* UIResponder+Extension.swift */; };
		B1631F542A175F090050974F /* UIImageView+Extension.swift in Sources */ = {isa = PBXBuildFile; fileRef = B1631F532A175F090050974F /* UIImageView+Extension.swift */; };
		B1631F562A175F230050974F /* UICollectionViewCell+Extension.swift in Sources */ = {isa = PBXBuildFile; fileRef = B1631F552A175F230050974F /* UICollectionViewCell+Extension.swift */; };
		B1631F592A175F470050974F /* Notification.Name+Extension.swift in Sources */ = {isa = PBXBuildFile; fileRef = B1631F582A175F470050974F /* Notification.Name+Extension.swift */; };
		B1631F5B2A175F860050974F /* UITextField+Extension.swift in Sources */ = {isa = PBXBuildFile; fileRef = B1631F5A2A175F850050974F /* UITextField+Extension.swift */; };
		B1631F5D2A175F9C0050974F /* Date+Extension.swift in Sources */ = {isa = PBXBuildFile; fileRef = B1631F5C2A175F9C0050974F /* Date+Extension.swift */; };
/* End PBXBuildFile section */

/* Begin PBXContainerItemProxy section */
		B1631F1E2A1759EB0050974F /* PBXContainerItemProxy */ = {
			isa = PBXContainerItemProxy;
			containerPortal = B1631EFF2A1759EA0050974F /* Project object */;
			proxyType = 1;
			remoteGlobalIDString = B1631F062A1759EA0050974F;
			remoteInfo = ZKFace;
		};
		B1631F282A1759EB0050974F /* PBXContainerItemProxy */ = {
			isa = PBXContainerItemProxy;
			containerPortal = B1631EFF2A1759EA0050974F /* Project object */;
			proxyType = 1;
			remoteGlobalIDString = B1631F062A1759EA0050974F;
			remoteInfo = ZKFace;
		};
/* End PBXContainerItemProxy section */

/* Begin PBXFileReference section */
		371A7C622A5133C80095C744 /* UIViewController+Extension.swift */ = {isa = PBXFileReference; lastKnownFileType = sourcecode.swift; path = "UIViewController+Extension.swift"; sourceTree = "<group>"; };
		372F7F352A540D270032B7BC /* OnboardingView.swift */ = {isa = PBXFileReference; lastKnownFileType = sourcecode.swift; path = OnboardingView.swift; sourceTree = "<group>"; };
		372F7F372A5446390032B7BC /* KeyboardFollowable.swift */ = {isa = PBXFileReference; lastKnownFileType = sourcecode.swift; path = KeyboardFollowable.swift; sourceTree = "<group>"; };
		37310F132A5535B20046E777 /* PickAlbumButtonCollectionViewCell.swift */ = {isa = PBXFileReference; fileEncoding = 4; lastKnownFileType = sourcecode.swift; path = PickAlbumButtonCollectionViewCell.swift; sourceTree = "<group>"; };
		376BF64F2A548FB60007D4C3 /* Pretendard-Bold.otf */ = {isa = PBXFileReference; lastKnownFileType = file; path = "Pretendard-Bold.otf"; sourceTree = "<group>"; };
		377EF7D42A4EFB5000E3268D /* PophoryButton.swift */ = {isa = PBXFileReference; lastKnownFileType = sourcecode.swift; path = PophoryButton.swift; sourceTree = "<group>"; };
		377EF7DA2A4F14DA00E3268D /* PophoryButtonBuilder.swift */ = {isa = PBXFileReference; lastKnownFileType = sourcecode.swift; path = PophoryButtonBuilder.swift; sourceTree = "<group>"; };
		377EF7DD2A4F47FB00E3268D /* NameInputViewController.swift */ = {isa = PBXFileReference; lastKnownFileType = sourcecode.swift; path = NameInputViewController.swift; sourceTree = "<group>"; };
		377EF7DF2A4F489B00E3268D /* IDInputViewController.swift */ = {isa = PBXFileReference; lastKnownFileType = sourcecode.swift; path = IDInputViewController.swift; sourceTree = "<group>"; };
		377EF7E12A4F48BE00E3268D /* PickAlbumCoverViewController.swift */ = {isa = PBXFileReference; lastKnownFileType = sourcecode.swift; path = PickAlbumCoverViewController.swift; sourceTree = "<group>"; };
		377EF7E62A4F4C8700E3268D /* NameInputView.swift */ = {isa = PBXFileReference; lastKnownFileType = sourcecode.swift; path = NameInputView.swift; sourceTree = "<group>"; };
		377EF7E82A4F4CA500E3268D /* IDInputView.swift */ = {isa = PBXFileReference; lastKnownFileType = sourcecode.swift; path = IDInputView.swift; sourceTree = "<group>"; };
		377EF7EA2A4F4CBD00E3268D /* PickAlbumCoverView.swift */ = {isa = PBXFileReference; lastKnownFileType = sourcecode.swift; path = PickAlbumCoverView.swift; sourceTree = "<group>"; };
		377EF7EE2A4FC6E900E3268D /* PophoryNavigationConfigurator.swift */ = {isa = PBXFileReference; lastKnownFileType = sourcecode.swift; path = PophoryNavigationConfigurator.swift; sourceTree = "<group>"; };
		3782F4312A51E6D200FE3846 /* KeyboardManager.swift */ = {isa = PBXFileReference; lastKnownFileType = sourcecode.swift; path = KeyboardManager.swift; sourceTree = "<group>"; };
		3782F4332A528A3600FE3846 /* SignInView.swift */ = {isa = PBXFileReference; lastKnownFileType = sourcecode.swift; path = SignInView.swift; sourceTree = "<group>"; };
		3782F4372A528BAF00FE3846 /* StartPophoryViewController.swift */ = {isa = PBXFileReference; lastKnownFileType = sourcecode.swift; path = StartPophoryViewController.swift; sourceTree = "<group>"; };
		3782F43F2A52C6EB00FE3846 /* BaseInputView.swift */ = {isa = PBXFileReference; lastKnownFileType = sourcecode.swift; path = BaseInputView.swift; sourceTree = "<group>"; };
		3782F4412A52CD5A00FE3846 /* StartPophoryView.swift */ = {isa = PBXFileReference; lastKnownFileType = sourcecode.swift; path = StartPophoryView.swift; sourceTree = "<group>"; };
		3782F4452A52F4BF00FE3846 /* OnboardingContentCollectionViewCell.swift */ = {isa = PBXFileReference; lastKnownFileType = sourcecode.swift; path = OnboardingContentCollectionViewCell.swift; sourceTree = "<group>"; };
		37DCA6952A4AB5B900FF8F90 /* EntireAlbumsViewController.swift */ = {isa = PBXFileReference; lastKnownFileType = sourcecode.swift; path = EntireAlbumsViewController.swift; sourceTree = "<group>"; };
		37DCA6992A4AB6C900FF8F90 /* HomeAlbumViewController.swift */ = {isa = PBXFileReference; lastKnownFileType = sourcecode.swift; path = HomeAlbumViewController.swift; sourceTree = "<group>"; };
		37DCA69B2A4AB6D300FF8F90 /* LeaveServiceViewController.swift */ = {isa = PBXFileReference; lastKnownFileType = sourcecode.swift; path = LeaveServiceViewController.swift; sourceTree = "<group>"; };
		37DCA69D2A4AB6DC00FF8F90 /* SettingsViewController.swift */ = {isa = PBXFileReference; lastKnownFileType = sourcecode.swift; path = SettingsViewController.swift; sourceTree = "<group>"; };
		37DCA69F2A4AB6E600FF8F90 /* MypageViewController.swift */ = {isa = PBXFileReference; lastKnownFileType = sourcecode.swift; path = MypageViewController.swift; sourceTree = "<group>"; };
		37DCA6A12A4AB6EF00FF8F90 /* TabBarViewController.swift */ = {isa = PBXFileReference; lastKnownFileType = sourcecode.swift; path = TabBarViewController.swift; sourceTree = "<group>"; };
		37DCA6A32A4AB6F600FF8F90 /* SplashViewController.swift */ = {isa = PBXFileReference; lastKnownFileType = sourcecode.swift; path = SplashViewController.swift; sourceTree = "<group>"; };
		37DCA6A52A4AB6FF00FF8F90 /* SignInViewController.swift */ = {isa = PBXFileReference; lastKnownFileType = sourcecode.swift; path = SignInViewController.swift; sourceTree = "<group>"; };
		37DCA6A72A4AB71200FF8F90 /* OnboardingViewController.swift */ = {isa = PBXFileReference; lastKnownFileType = sourcecode.swift; path = OnboardingViewController.swift; sourceTree = "<group>"; };
		37DCA6AB2A4ABAE200FF8F90 /* ColorLiterals.swift */ = {isa = PBXFileReference; lastKnownFileType = sourcecode.swift; path = ColorLiterals.swift; sourceTree = "<group>"; };
		37DCA6AD2A4ABAF300FF8F90 /* FontLiterals.swift */ = {isa = PBXFileReference; lastKnownFileType = sourcecode.swift; path = FontLiterals.swift; sourceTree = "<group>"; };
		37DCA6B02A4AC7CC00FF8F90 /* Pretendard-SemiBold.otf */ = {isa = PBXFileReference; lastKnownFileType = file; path = "Pretendard-SemiBold.otf"; sourceTree = "<group>"; };
		37DCA6B12A4AC7CC00FF8F90 /* Pretendard-Medium.otf */ = {isa = PBXFileReference; lastKnownFileType = file; path = "Pretendard-Medium.otf"; sourceTree = "<group>"; };
		37DCA6B22A4AC7CD00FF8F90 /* Pretendard-Regular.otf */ = {isa = PBXFileReference; lastKnownFileType = file; path = "Pretendard-Regular.otf"; sourceTree = "<group>"; };
		37DCA6B62A4ACE6200FF8F90 /* UILabel+Extension.swift */ = {isa = PBXFileReference; lastKnownFileType = sourcecode.swift; path = "UILabel+Extension.swift"; sourceTree = "<group>"; };
		37DCA6B82A4ACEC700FF8F90 /* UIScreen+Extension.swift */ = {isa = PBXFileReference; lastKnownFileType = sourcecode.swift; path = "UIScreen+Extension.swift"; sourceTree = "<group>"; };
		37EB69E82A4BEF5400075E4E /* BaseViewController.swift */ = {isa = PBXFileReference; lastKnownFileType = sourcecode.swift; path = BaseViewController.swift; sourceTree = "<group>"; };
		6B29DC542A5494A000F93EC7 /* PhotoInfoStackView.swift */ = {isa = PBXFileReference; fileEncoding = 4; lastKnownFileType = sourcecode.swift; path = PhotoInfoStackView.swift; sourceTree = "<group>"; };
		6B29DC552A5494A000F93EC7 /* AddPhotoView.swift */ = {isa = PBXFileReference; fileEncoding = 4; lastKnownFileType = sourcecode.swift; path = AddPhotoView.swift; sourceTree = "<group>"; };
		6B29DC562A5494A000F93EC7 /* PhotoAlbumCollectionViewCell.swift */ = {isa = PBXFileReference; fileEncoding = 4; lastKnownFileType = sourcecode.swift; path = PhotoAlbumCollectionViewCell.swift; sourceTree = "<group>"; };
		6B29DC582A5494A000F93EC7 /* AddPhotoViewController.swift */ = {isa = PBXFileReference; fileEncoding = 4; lastKnownFileType = sourcecode.swift; path = AddPhotoViewController.swift; sourceTree = "<group>"; };
		6B488BDA2A57F12700A5033A /* BaseImagePickerViewController.swift */ = {isa = PBXFileReference; lastKnownFileType = sourcecode.swift; path = BaseImagePickerViewController.swift; sourceTree = "<group>"; };
		6BB37C642A5589F400E49B12 /* CustomModalPresentationController.swift */ = {isa = PBXFileReference; lastKnownFileType = sourcecode.swift; path = CustomModalPresentationController.swift; sourceTree = "<group>"; };
		6BB37C662A558A8B00E49B12 /* CustomModalTransitionDelegate.swift */ = {isa = PBXFileReference; lastKnownFileType = sourcecode.swift; path = CustomModalTransitionDelegate.swift; sourceTree = "<group>"; };
		6BB37C6E2A55ADCF00E49B12 /* CalendarModalViewController.swift */ = {isa = PBXFileReference; lastKnownFileType = sourcecode.swift; path = CalendarModalViewController.swift; sourceTree = "<group>"; };
		6BB37C722A55EB7400E49B12 /* DateManager.swift */ = {isa = PBXFileReference; lastKnownFileType = sourcecode.swift; path = DateManager.swift; sourceTree = "<group>"; };
		6BB37C762A55FA7E00E49B12 /* StudioModalViewController.swift */ = {isa = PBXFileReference; lastKnownFileType = sourcecode.swift; path = StudioModalViewController.swift; sourceTree = "<group>"; };
		6BB37C782A56000800E49B12 /* StudioCollectionViewCell.swift */ = {isa = PBXFileReference; lastKnownFileType = sourcecode.swift; path = StudioCollectionViewCell.swift; sourceTree = "<group>"; };
		9161CADB2A545EA2002B8B77 /* PhotoCollectionViewCell.swift */ = {isa = PBXFileReference; lastKnownFileType = sourcecode.swift; path = PhotoCollectionViewCell.swift; sourceTree = "<group>"; };
		9161CAE02A5464F0002B8B77 /* UICollectionView+Extension.swift */ = {isa = PBXFileReference; lastKnownFileType = sourcecode.swift; path = "UICollectionView+Extension.swift"; sourceTree = "<group>"; };
		9161CAE22A546511002B8B77 /* ReusableView+Extesion.swift */ = {isa = PBXFileReference; lastKnownFileType = sourcecode.swift; path = "ReusableView+Extesion.swift"; sourceTree = "<group>"; };
		9161CAE52A546DCC002B8B77 /* PhotoCollectionViewDataSource.swift */ = {isa = PBXFileReference; lastKnownFileType = sourcecode.swift; path = PhotoCollectionViewDataSource.swift; sourceTree = "<group>"; };
		91F3A7572A51760B00C06D1B /* Navigatable.swift */ = {isa = PBXFileReference; lastKnownFileType = sourcecode.swift; path = Navigatable.swift; sourceTree = "<group>"; };
		91F3A75F2A517E9E00C06D1B /* ImageLiterals.swift */ = {isa = PBXFileReference; lastKnownFileType = sourcecode.swift; path = ImageLiterals.swift; sourceTree = "<group>"; };
		91F3A7612A5206B100C06D1B /* HomeAlbumView.swift */ = {isa = PBXFileReference; lastKnownFileType = sourcecode.swift; path = HomeAlbumView.swift; sourceTree = "<group>"; };
		91F3A7652A52A87E00C06D1B /* PatchStudiosResponseDTO.swift */ = {isa = PBXFileReference; lastKnownFileType = sourcecode.swift; path = PatchStudiosResponseDTO.swift; sourceTree = "<group>"; };
		91F3A7692A52A93600C06D1B /* PostPhotoRequestDTO.swift */ = {isa = PBXFileReference; lastKnownFileType = sourcecode.swift; path = PostPhotoRequestDTO.swift; sourceTree = "<group>"; };
		91F3A76E2A52AA9100C06D1B /* PatchSignUpRequestDTO.swift */ = {isa = PBXFileReference; lastKnownFileType = sourcecode.swift; path = PatchSignUpRequestDTO.swift; sourceTree = "<group>"; };
		91F3A7702A52AADE00C06D1B /* PatchMyPageResponseDTO.swift */ = {isa = PBXFileReference; lastKnownFileType = sourcecode.swift; path = PatchMyPageResponseDTO.swift; sourceTree = "<group>"; };
		91F3A7722A52AB5600C06D1B /* PatchUserInfoResponseDTO.swift */ = {isa = PBXFileReference; lastKnownFileType = sourcecode.swift; path = PatchUserInfoResponseDTO.swift; sourceTree = "<group>"; };
		91F3A7752A52ABBE00C06D1B /* PatchAlbumListResponseDTO.swift */ = {isa = PBXFileReference; lastKnownFileType = sourcecode.swift; path = PatchAlbumListResponseDTO.swift; sourceTree = "<group>"; };
		91F3A7782A52AC3E00C06D1B /* Photos.swift */ = {isa = PBXFileReference; lastKnownFileType = sourcecode.swift; path = Photos.swift; sourceTree = "<group>"; };
		91F3A77A2A52AC8000C06D1B /* PatchAlbumPhotoListResponseDTO.swift */ = {isa = PBXFileReference; lastKnownFileType = sourcecode.swift; path = PatchAlbumPhotoListResponseDTO.swift; sourceTree = "<group>"; };
		91F3A77E2A52ADD900C06D1B /* MoyaLoggerPlugin.swift */ = {isa = PBXFileReference; lastKnownFileType = sourcecode.swift; path = MoyaLoggerPlugin.swift; sourceTree = "<group>"; };
		91F3A7802A52AE1900C06D1B /* BaseTargetType.swift */ = {isa = PBXFileReference; lastKnownFileType = sourcecode.swift; path = BaseTargetType.swift; sourceTree = "<group>"; };
		91F3A7822A52AE2800C06D1B /* BaseURLConstant.swift */ = {isa = PBXFileReference; lastKnownFileType = sourcecode.swift; path = BaseURLConstant.swift; sourceTree = "<group>"; };
		91F3A7842A52AE3900C06D1B /* NetworkResult.swift */ = {isa = PBXFileReference; lastKnownFileType = sourcecode.swift; path = NetworkResult.swift; sourceTree = "<group>"; };
		91F3A7862A52AE4600C06D1B /* NetworkService.swift */ = {isa = PBXFileReference; lastKnownFileType = sourcecode.swift; path = NetworkService.swift; sourceTree = "<group>"; };
		91F3A7882A52AE5A00C06D1B /* URLConstants.swift */ = {isa = PBXFileReference; lastKnownFileType = sourcecode.swift; path = URLConstants.swift; sourceTree = "<group>"; };
		91F3A78B2A52B21000C06D1B /* StudiosAPI.swift */ = {isa = PBXFileReference; lastKnownFileType = sourcecode.swift; path = StudiosAPI.swift; sourceTree = "<group>"; };
		91F3A78D2A52B38000C06D1B /* PhotoAPI.swift */ = {isa = PBXFileReference; lastKnownFileType = sourcecode.swift; path = PhotoAPI.swift; sourceTree = "<group>"; };
		91F3A78F2A52B5DA00C06D1B /* MemberAPI.swift */ = {isa = PBXFileReference; lastKnownFileType = sourcecode.swift; path = MemberAPI.swift; sourceTree = "<group>"; };
		91F3A7912A52B71800C06D1B /* AlbumAPI.swift */ = {isa = PBXFileReference; lastKnownFileType = sourcecode.swift; path = AlbumAPI.swift; sourceTree = "<group>"; };
		91F3A7932A52B96F00C06D1B /* AuthAPI.swift */ = {isa = PBXFileReference; lastKnownFileType = sourcecode.swift; path = AuthAPI.swift; sourceTree = "<group>"; };
		91F3A7962A52D04200C06D1B /* BaseRepository.swift */ = {isa = PBXFileReference; lastKnownFileType = sourcecode.swift; path = BaseRepository.swift; sourceTree = "<group>"; };
		91F3A79B2A52D2DE00C06D1B /* StudioRepository.swift */ = {isa = PBXFileReference; lastKnownFileType = sourcecode.swift; path = StudioRepository.swift; sourceTree = "<group>"; };
		91F3A79D2A52D31000C06D1B /* PhotoRepository.swift */ = {isa = PBXFileReference; lastKnownFileType = sourcecode.swift; path = PhotoRepository.swift; sourceTree = "<group>"; };
		91F3A79F2A52D36F00C06D1B /* MemberRepository.swift */ = {isa = PBXFileReference; lastKnownFileType = sourcecode.swift; path = MemberRepository.swift; sourceTree = "<group>"; };
		91F3A7A12A52D40A00C06D1B /* AlbumRepository.swift */ = {isa = PBXFileReference; lastKnownFileType = sourcecode.swift; path = AlbumRepository.swift; sourceTree = "<group>"; };
		91F3A7A32A52D52200C06D1B /* AuthRepository.swift */ = {isa = PBXFileReference; lastKnownFileType = sourcecode.swift; path = AuthRepository.swift; sourceTree = "<group>"; };
		91F3A7A52A52D57700C06D1B /* DefaultStudioRepository.swift */ = {isa = PBXFileReference; lastKnownFileType = sourcecode.swift; path = DefaultStudioRepository.swift; sourceTree = "<group>"; };
		91F3A7A72A52D6C100C06D1B /* DefaultPhotoRepository.swift */ = {isa = PBXFileReference; lastKnownFileType = sourcecode.swift; path = DefaultPhotoRepository.swift; sourceTree = "<group>"; };
		91F3A7A92A52D90800C06D1B /* DefaultMemberRepository.swift */ = {isa = PBXFileReference; lastKnownFileType = sourcecode.swift; path = DefaultMemberRepository.swift; sourceTree = "<group>"; };
		91F3A7AB2A52F23D00C06D1B /* DefaultAlbumRespository.swift */ = {isa = PBXFileReference; lastKnownFileType = sourcecode.swift; path = DefaultAlbumRespository.swift; sourceTree = "<group>"; };
		91F3A7AD2A52F2F700C06D1B /* DefaultAuthRepository.swift */ = {isa = PBXFileReference; lastKnownFileType = sourcecode.swift; path = DefaultAuthRepository.swift; sourceTree = "<group>"; };
		91F3A7AF2A52F97700C06D1B /* AlbumDetailViewController.swift */ = {isa = PBXFileReference; lastKnownFileType = sourcecode.swift; path = AlbumDetailViewController.swift; sourceTree = "<group>"; };
		91F3A7B12A52F99F00C06D1B /* AlbumDetailView.swift */ = {isa = PBXFileReference; lastKnownFileType = sourcecode.swift; path = AlbumDetailView.swift; sourceTree = "<group>"; };
		91F3A7B32A53077F00C06D1B /* ChangeSortViewController.swift */ = {isa = PBXFileReference; lastKnownFileType = sourcecode.swift; path = ChangeSortViewController.swift; sourceTree = "<group>"; };
		91F3A7B62A53183800C06D1B /* ChangeSortView.swift */ = {isa = PBXFileReference; lastKnownFileType = sourcecode.swift; path = ChangeSortView.swift; sourceTree = "<group>"; };
		B1631F072A1759EA0050974F /* pophory-iOS.app */ = {isa = PBXFileReference; explicitFileType = wrapper.application; includeInIndex = 0; path = "pophory-iOS.app"; sourceTree = BUILT_PRODUCTS_DIR; };
		B1631F0A2A1759EA0050974F /* AppDelegate.swift */ = {isa = PBXFileReference; lastKnownFileType = sourcecode.swift; path = AppDelegate.swift; sourceTree = "<group>"; };
		B1631F0C2A1759EA0050974F /* SceneDelegate.swift */ = {isa = PBXFileReference; lastKnownFileType = sourcecode.swift; path = SceneDelegate.swift; sourceTree = "<group>"; };
		B1631F0E2A1759EA0050974F /* ViewController.swift */ = {isa = PBXFileReference; lastKnownFileType = sourcecode.swift; path = ViewController.swift; sourceTree = "<group>"; };
		B1631F132A1759EB0050974F /* Assets.xcassets */ = {isa = PBXFileReference; lastKnownFileType = folder.assetcatalog; path = Assets.xcassets; sourceTree = "<group>"; };
		B1631F162A1759EB0050974F /* Base */ = {isa = PBXFileReference; lastKnownFileType = file.storyboard; name = Base; path = Base.lproj/LaunchScreen.storyboard; sourceTree = "<group>"; };
		B1631F182A1759EB0050974F /* Info.plist */ = {isa = PBXFileReference; lastKnownFileType = text.plist.xml; path = Info.plist; sourceTree = "<group>"; };
		B1631F1D2A1759EB0050974F /* pophoryTests.xctest */ = {isa = PBXFileReference; explicitFileType = wrapper.cfbundle; includeInIndex = 0; path = pophoryTests.xctest; sourceTree = BUILT_PRODUCTS_DIR; };
		B1631F212A1759EB0050974F /* pophory-iOSTests.swift */ = {isa = PBXFileReference; lastKnownFileType = sourcecode.swift; path = "pophory-iOSTests.swift"; sourceTree = "<group>"; };
		B1631F272A1759EB0050974F /* pophoryUITests.xctest */ = {isa = PBXFileReference; explicitFileType = wrapper.cfbundle; includeInIndex = 0; path = pophoryUITests.xctest; sourceTree = BUILT_PRODUCTS_DIR; };
		B1631F2B2A1759EB0050974F /* pophoryUITests.swift */ = {isa = PBXFileReference; lastKnownFileType = sourcecode.swift; path = pophoryUITests.swift; sourceTree = "<group>"; };
		B1631F2D2A1759EB0050974F /* pophoryUITestsLaunchTests.swift */ = {isa = PBXFileReference; lastKnownFileType = sourcecode.swift; path = pophoryUITestsLaunchTests.swift; sourceTree = "<group>"; };
		B1631F442A175BDE0050974F /* .keep */ = {isa = PBXFileReference; lastKnownFileType = text; path = .keep; sourceTree = "<group>"; };
		B1631F472A175C780050974F /* UIView+Extension.swift */ = {isa = PBXFileReference; lastKnownFileType = sourcecode.swift; path = "UIView+Extension.swift"; sourceTree = "<group>"; };
		B1631F492A175D5C0050974F /* UIButton+Extension.swift */ = {isa = PBXFileReference; lastKnownFileType = sourcecode.swift; path = "UIButton+Extension.swift"; sourceTree = "<group>"; };
		B1631F4B2A175DC80050974F /* NSMutableAttributedString+Extension.swift */ = {isa = PBXFileReference; lastKnownFileType = sourcecode.swift; path = "NSMutableAttributedString+Extension.swift"; sourceTree = "<group>"; };
		B1631F4D2A175E350050974F /* UIStackView+Extension.swift */ = {isa = PBXFileReference; lastKnownFileType = sourcecode.swift; path = "UIStackView+Extension.swift"; sourceTree = "<group>"; };
		B1631F4F2A175E840050974F /* String+Extension.swift */ = {isa = PBXFileReference; lastKnownFileType = sourcecode.swift; path = "String+Extension.swift"; sourceTree = "<group>"; };
		B1631F512A175EDB0050974F /* UIResponder+Extension.swift */ = {isa = PBXFileReference; lastKnownFileType = sourcecode.swift; path = "UIResponder+Extension.swift"; sourceTree = "<group>"; };
		B1631F532A175F090050974F /* UIImageView+Extension.swift */ = {isa = PBXFileReference; lastKnownFileType = sourcecode.swift; path = "UIImageView+Extension.swift"; sourceTree = "<group>"; };
		B1631F552A175F230050974F /* UICollectionViewCell+Extension.swift */ = {isa = PBXFileReference; lastKnownFileType = sourcecode.swift; path = "UICollectionViewCell+Extension.swift"; sourceTree = "<group>"; };
		B1631F582A175F470050974F /* Notification.Name+Extension.swift */ = {isa = PBXFileReference; lastKnownFileType = sourcecode.swift; path = "Notification.Name+Extension.swift"; sourceTree = "<group>"; };
		B1631F5A2A175F850050974F /* UITextField+Extension.swift */ = {isa = PBXFileReference; lastKnownFileType = sourcecode.swift; path = "UITextField+Extension.swift"; sourceTree = "<group>"; };
		B1631F5C2A175F9C0050974F /* Date+Extension.swift */ = {isa = PBXFileReference; lastKnownFileType = sourcecode.swift; path = "Date+Extension.swift"; sourceTree = "<group>"; };
		B1631F652A1760180050974F /* .keep */ = {isa = PBXFileReference; lastKnownFileType = text; path = .keep; sourceTree = "<group>"; };
/* End PBXFileReference section */

/* Begin PBXFrameworksBuildPhase section */
		B1631F042A1759EA0050974F /* Frameworks */ = {
			isa = PBXFrameworksBuildPhase;
			buildActionMask = 2147483647;
			files = (
				9161CADF2A5460AA002B8B77 /* Kingfisher in Frameworks */,
				37DCA6832A4A97AF00FF8F90 /* Moya in Frameworks */,
				37DCA6862A4A97CA00FF8F90 /* SnapKit in Frameworks */,
			);
			runOnlyForDeploymentPostprocessing = 0;
		};
		B1631F1A2A1759EB0050974F /* Frameworks */ = {
			isa = PBXFrameworksBuildPhase;
			buildActionMask = 2147483647;
			files = (
			);
			runOnlyForDeploymentPostprocessing = 0;
		};
		B1631F242A1759EB0050974F /* Frameworks */ = {
			isa = PBXFrameworksBuildPhase;
			buildActionMask = 2147483647;
			files = (
			);
			runOnlyForDeploymentPostprocessing = 0;
		};
/* End PBXFrameworksBuildPhase section */

/* Begin PBXGroup section */
		371A7C5F2A5124F40095C744 /* Protocols */ = {
			isa = PBXGroup;
			children = (
				91F3A7572A51760B00C06D1B /* Navigatable.swift */,
				372F7F372A5446390032B7BC /* KeyboardFollowable.swift */,
			);
			path = Protocols;
			sourceTree = "<group>";
		};
		377EF7DC2A4F479800E3268D /* Auth */ = {
			isa = PBXGroup;
			children = (
				37310F132A5535B20046E777 /* PickAlbumButtonCollectionViewCell.swift */,
				377EF7E32A4F4C3D00E3268D /* Views */,
				377EF7DD2A4F47FB00E3268D /* NameInputViewController.swift */,
				377EF7DF2A4F489B00E3268D /* IDInputViewController.swift */,
				377EF7E12A4F48BE00E3268D /* PickAlbumCoverViewController.swift */,
				3782F4372A528BAF00FE3846 /* StartPophoryViewController.swift */,
			);
			path = Auth;
			sourceTree = "<group>";
		};
		377EF7E32A4F4C3D00E3268D /* Views */ = {
			isa = PBXGroup;
			children = (
				377EF7E62A4F4C8700E3268D /* NameInputView.swift */,
				377EF7E82A4F4CA500E3268D /* IDInputView.swift */,
				377EF7EA2A4F4CBD00E3268D /* PickAlbumCoverView.swift */,
				3782F4412A52CD5A00FE3846 /* StartPophoryView.swift */,
			);
			path = Views;
			sourceTree = "<group>";
		};
		37DCA6872A4AB3C900FF8F90 /* Onboarding */ = {
			isa = PBXGroup;
			children = (
				3782F4452A52F4BF00FE3846 /* OnboardingContentCollectionViewCell.swift */,
				37DCA6A72A4AB71200FF8F90 /* OnboardingViewController.swift */,
				372F7F352A540D270032B7BC /* OnboardingView.swift */,
			);
			path = Onboarding;
			sourceTree = "<group>";
		};
		37DCA6882A4AB3E200FF8F90 /* Splash */ = {
			isa = PBXGroup;
			children = (
				37DCA6A32A4AB6F600FF8F90 /* SplashViewController.swift */,
			);
			path = Splash;
			sourceTree = "<group>";
		};
		37DCA68A2A4AB3F700FF8F90 /* SignIn */ = {
			isa = PBXGroup;
			children = (
				37DCA6A52A4AB6FF00FF8F90 /* SignInViewController.swift */,
				3782F4332A528A3600FE3846 /* SignInView.swift */,
			);
			path = SignIn;
			sourceTree = "<group>";
		};
		37DCA68B2A4AB45000FF8F90 /* TabBar */ = {
			isa = PBXGroup;
			children = (
				37DCA6A12A4AB6EF00FF8F90 /* TabBarViewController.swift */,
			);
			path = TabBar;
			sourceTree = "<group>";
		};
		37DCA68C2A4AB45D00FF8F90 /* Mypage */ = {
			isa = PBXGroup;
			children = (
				37DCA69F2A4AB6E600FF8F90 /* MypageViewController.swift */,
			);
			path = Mypage;
			sourceTree = "<group>";
		};
		37DCA68D2A4AB48800FF8F90 /* Settings */ = {
			isa = PBXGroup;
			children = (
				37DCA69D2A4AB6DC00FF8F90 /* SettingsViewController.swift */,
			);
			path = Settings;
			sourceTree = "<group>";
		};
		37DCA68E2A4AB4C200FF8F90 /* LeaveService */ = {
			isa = PBXGroup;
			children = (
				37DCA69B2A4AB6D300FF8F90 /* LeaveServiceViewController.swift */,
			);
			path = LeaveService;
			sourceTree = "<group>";
		};
		37DCA68F2A4AB4E900FF8F90 /* HomeAlbum */ = {
			isa = PBXGroup;
			children = (
				37DCA6992A4AB6C900FF8F90 /* HomeAlbumViewController.swift */,
				91F3A7612A5206B100C06D1B /* HomeAlbumView.swift */,
			);
			path = HomeAlbum;
			sourceTree = "<group>";
		};
		37DCA6912A4AB53900FF8F90 /* EntireAlbums */ = {
			isa = PBXGroup;
			children = (
				37DCA6952A4AB5B900FF8F90 /* EntireAlbumsViewController.swift */,
			);
			path = EntireAlbums;
			sourceTree = "<group>";
		};
		37DCA6922A4AB55F00FF8F90 /* AlbumDetail */ = {
			isa = PBXGroup;
			children = (
				9161CAE42A546BFA002B8B77 /* View */,
				9161CAE52A546DCC002B8B77 /* PhotoCollectionViewDataSource.swift */,
				91F3A7AF2A52F97700C06D1B /* AlbumDetailViewController.swift */,
			);
			path = AlbumDetail;
			sourceTree = "<group>";
		};
		37DCA6AF2A4AC79400FF8F90 /* Fonts */ = {
			isa = PBXGroup;
			children = (
				376BF64F2A548FB60007D4C3 /* Pretendard-Bold.otf */,
				37DCA6B12A4AC7CC00FF8F90 /* Pretendard-Medium.otf */,
				37DCA6B22A4AC7CD00FF8F90 /* Pretendard-Regular.otf */,
				37DCA6B02A4AC7CC00FF8F90 /* Pretendard-SemiBold.otf */,
			);
			path = Fonts;
			sourceTree = "<group>";
		};
		37EB69E72A4BEF4300075E4E /* Base */ = {
			isa = PBXGroup;
			children = (
				37EB69E82A4BEF5400075E4E /* BaseViewController.swift */,
				3782F43F2A52C6EB00FE3846 /* BaseInputView.swift */,
				6B488BDA2A57F12700A5033A /* BaseImagePickerViewController.swift */,
			);
			path = Base;
			sourceTree = "<group>";
		};
		6B29DC522A5494A000F93EC7 /* AddPhoto */ = {
			isa = PBXGroup;
			children = (
				6B29DC532A5494A000F93EC7 /* View */,
				6B29DC572A5494A000F93EC7 /* ViewController */,
			);
			path = AddPhoto;
			sourceTree = "<group>";
		};
		6B29DC532A5494A000F93EC7 /* View */ = {
			isa = PBXGroup;
			children = (
				6B29DC542A5494A000F93EC7 /* PhotoInfoStackView.swift */,
				6B29DC552A5494A000F93EC7 /* AddPhotoView.swift */,
				6B29DC562A5494A000F93EC7 /* PhotoAlbumCollectionViewCell.swift */,
				6BB37C782A56000800E49B12 /* StudioCollectionViewCell.swift */,
			);
			path = View;
			sourceTree = "<group>";
		};
		6B29DC572A5494A000F93EC7 /* ViewController */ = {
			isa = PBXGroup;
			children = (
				6B29DC582A5494A000F93EC7 /* AddPhotoViewController.swift */,
				6BB37C6E2A55ADCF00E49B12 /* CalendarModalViewController.swift */,
				6BB37C762A55FA7E00E49B12 /* StudioModalViewController.swift */,
			);
			path = ViewController;
			sourceTree = "<group>";
		};
		6BB37C5F2A5579AA00E49B12 /* Modal */ = {
			isa = PBXGroup;
			children = (
				6BB37C642A5589F400E49B12 /* CustomModalPresentationController.swift */,
				6BB37C662A558A8B00E49B12 /* CustomModalTransitionDelegate.swift */,
			);
			path = Modal;
			sourceTree = "<group>";
		};
		9161CAE42A546BFA002B8B77 /* View */ = {
			isa = PBXGroup;
			children = (
				91F3A7B12A52F99F00C06D1B /* AlbumDetailView.swift */,
				9161CADB2A545EA2002B8B77 /* PhotoCollectionViewCell.swift */,
			);
			path = View;
			sourceTree = "<group>";
		};
		91F3A7672A52A8C300C06D1B /* Studio */ = {
			isa = PBXGroup;
			children = (
				91F3A7652A52A87E00C06D1B /* PatchStudiosResponseDTO.swift */,
			);
			path = Studio;
			sourceTree = "<group>";
		};
		91F3A7682A52A8D000C06D1B /* Photo */ = {
			isa = PBXGroup;
			children = (
				91F3A7692A52A93600C06D1B /* PostPhotoRequestDTO.swift */,
			);
			path = Photo;
			sourceTree = "<group>";
		};
		91F3A76D2A52AA2400C06D1B /* Member */ = {
			isa = PBXGroup;
			children = (
				91F3A76E2A52AA9100C06D1B /* PatchSignUpRequestDTO.swift */,
				91F3A7702A52AADE00C06D1B /* PatchMyPageResponseDTO.swift */,
				91F3A7722A52AB5600C06D1B /* PatchUserInfoResponseDTO.swift */,
			);
			path = Member;
			sourceTree = "<group>";
		};
		91F3A7742A52AB8300C06D1B /* Album */ = {
			isa = PBXGroup;
			children = (
				91F3A7752A52ABBE00C06D1B /* PatchAlbumListResponseDTO.swift */,
				91F3A77A2A52AC8000C06D1B /* PatchAlbumPhotoListResponseDTO.swift */,
			);
			path = Album;
			sourceTree = "<group>";
		};
		91F3A77C2A52AD8300C06D1B /* Network */ = {
			isa = PBXGroup;
			children = (
				91F3A77D2A52ADCA00C06D1B /* Common */,
				B1631F5E2A175FD00050974F /* Models */,
				91F3A78A2A52B1B300C06D1B /* API */,
				91F3A7952A52CF2300C06D1B /* Repository */,
			);
			path = Network;
			sourceTree = "<group>";
		};
		91F3A77D2A52ADCA00C06D1B /* Common */ = {
			isa = PBXGroup;
			children = (
				91F3A77E2A52ADD900C06D1B /* MoyaLoggerPlugin.swift */,
				91F3A7802A52AE1900C06D1B /* BaseTargetType.swift */,
				91F3A7822A52AE2800C06D1B /* BaseURLConstant.swift */,
				91F3A7842A52AE3900C06D1B /* NetworkResult.swift */,
				91F3A7862A52AE4600C06D1B /* NetworkService.swift */,
				91F3A7882A52AE5A00C06D1B /* URLConstants.swift */,
			);
			path = Common;
			sourceTree = "<group>";
		};
		91F3A78A2A52B1B300C06D1B /* API */ = {
			isa = PBXGroup;
			children = (
				91F3A78B2A52B21000C06D1B /* StudiosAPI.swift */,
				91F3A78D2A52B38000C06D1B /* PhotoAPI.swift */,
				91F3A78F2A52B5DA00C06D1B /* MemberAPI.swift */,
				91F3A7912A52B71800C06D1B /* AlbumAPI.swift */,
				91F3A7932A52B96F00C06D1B /* AuthAPI.swift */,
			);
			path = API;
			sourceTree = "<group>";
		};
		91F3A7952A52CF2300C06D1B /* Repository */ = {
			isa = PBXGroup;
			children = (
				91F3A7962A52D04200C06D1B /* BaseRepository.swift */,
				91F3A79A2A52D25400C06D1B /* Protocol */,
				91F3A7A52A52D57700C06D1B /* DefaultStudioRepository.swift */,
				91F3A7A72A52D6C100C06D1B /* DefaultPhotoRepository.swift */,
				91F3A7A92A52D90800C06D1B /* DefaultMemberRepository.swift */,
				91F3A7AB2A52F23D00C06D1B /* DefaultAlbumRespository.swift */,
				91F3A7AD2A52F2F700C06D1B /* DefaultAuthRepository.swift */,
			);
			path = Repository;
			sourceTree = "<group>";
		};
		91F3A79A2A52D25400C06D1B /* Protocol */ = {
			isa = PBXGroup;
			children = (
				91F3A79B2A52D2DE00C06D1B /* StudioRepository.swift */,
				91F3A79D2A52D31000C06D1B /* PhotoRepository.swift */,
				91F3A79F2A52D36F00C06D1B /* MemberRepository.swift */,
				91F3A7A12A52D40A00C06D1B /* AlbumRepository.swift */,
				91F3A7A32A52D52200C06D1B /* AuthRepository.swift */,
			);
			path = Protocol;
			sourceTree = "<group>";
		};
		91F3A7B52A53178B00C06D1B /* ChangeSort */ = {
			isa = PBXGroup;
			children = (
				91F3A7B32A53077F00C06D1B /* ChangeSortViewController.swift */,
				91F3A7B62A53183800C06D1B /* ChangeSortView.swift */,
			);
			path = ChangeSort;
			sourceTree = "<group>";
		};
		B1631EFE2A1759EA0050974F = {
			isa = PBXGroup;
			children = (
				B1631F092A1759EA0050974F /* pophory-iOS */,
				B1631F202A1759EB0050974F /* pophory-iOSTests */,
				B1631F2A2A1759EB0050974F /* pophoryUITests */,
				B1631F082A1759EA0050974F /* Products */,
			);
			sourceTree = "<group>";
		};
		B1631F082A1759EA0050974F /* Products */ = {
			isa = PBXGroup;
			children = (
				B1631F072A1759EA0050974F /* pophory-iOS.app */,
				B1631F1D2A1759EB0050974F /* pophoryTests.xctest */,
				B1631F272A1759EB0050974F /* pophoryUITests.xctest */,
			);
			name = Products;
			sourceTree = "<group>";
		};
		B1631F092A1759EA0050974F /* pophory-iOS */ = {
			isa = PBXGroup;
			children = (
				91F3A77C2A52AD8300C06D1B /* Network */,
				B1631F3A2A175B210050974F /* Global */,
				B1631F3B2A175B290050974F /* Screen */,
			);
			path = "pophory-iOS";
			sourceTree = "<group>";
		};
		B1631F202A1759EB0050974F /* pophory-iOSTests */ = {
			isa = PBXGroup;
			children = (
				B1631F212A1759EB0050974F /* pophory-iOSTests.swift */,
			);
			path = "pophory-iOSTests";
			sourceTree = "<group>";
		};
		B1631F2A2A1759EB0050974F /* pophoryUITests */ = {
			isa = PBXGroup;
			children = (
				B1631F2B2A1759EB0050974F /* pophoryUITests.swift */,
				B1631F2D2A1759EB0050974F /* pophoryUITestsLaunchTests.swift */,
			);
			path = pophoryUITests;
			sourceTree = "<group>";
		};
		B1631F3A2A175B210050974F /* Global */ = {
			isa = PBXGroup;
			children = (
				371A7C5F2A5124F40095C744 /* Protocols */,
				B1631F672A1760210050974F /* Components */,
				B1631F642A1760050050974F /* Utilities */,
				B1631F612A175FF80050974F /* Consts */,
				B1631F3C2A175B4D0050974F /* Extensions */,
				B1631F422A175BA30050974F /* Resources */,
				B1631F462A175BF10050974F /* Supporting Files */,
			);
			path = Global;
			sourceTree = "<group>";
		};
		B1631F3B2A175B290050974F /* Screen */ = {
			isa = PBXGroup;
			children = (
				6B29DC522A5494A000F93EC7 /* AddPhoto */,
				37DCA68B2A4AB45000FF8F90 /* TabBar */,
				37DCA6922A4AB55F00FF8F90 /* AlbumDetail */,
				91F3A7B52A53178B00C06D1B /* ChangeSort */,
				37DCA6912A4AB53900FF8F90 /* EntireAlbums */,
				37DCA68F2A4AB4E900FF8F90 /* HomeAlbum */,
				37DCA68E2A4AB4C200FF8F90 /* LeaveService */,
				37DCA68D2A4AB48800FF8F90 /* Settings */,
				37DCA68C2A4AB45D00FF8F90 /* Mypage */,
				37DCA6882A4AB3E200FF8F90 /* Splash */,
				377EF7DC2A4F479800E3268D /* Auth */,
				37DCA68A2A4AB3F700FF8F90 /* SignIn */,
				37DCA6872A4AB3C900FF8F90 /* Onboarding */,
				B1631F442A175BDE0050974F /* .keep */,
			);
			path = Screen;
			sourceTree = "<group>";
		};
		B1631F3C2A175B4D0050974F /* Extensions */ = {
			isa = PBXGroup;
			children = (
				B1631F472A175C780050974F /* UIView+Extension.swift */,
				B1631F492A175D5C0050974F /* UIButton+Extension.swift */,
				B1631F4B2A175DC80050974F /* NSMutableAttributedString+Extension.swift */,
				B1631F4D2A175E350050974F /* UIStackView+Extension.swift */,
				B1631F4F2A175E840050974F /* String+Extension.swift */,
				B1631F512A175EDB0050974F /* UIResponder+Extension.swift */,
				B1631F532A175F090050974F /* UIImageView+Extension.swift */,
				B1631F552A175F230050974F /* UICollectionViewCell+Extension.swift */,
				B1631F582A175F470050974F /* Notification.Name+Extension.swift */,
				B1631F5A2A175F850050974F /* UITextField+Extension.swift */,
				B1631F5C2A175F9C0050974F /* Date+Extension.swift */,
				37DCA6B62A4ACE6200FF8F90 /* UILabel+Extension.swift */,
				37DCA6B82A4ACEC700FF8F90 /* UIScreen+Extension.swift */,
				371A7C622A5133C80095C744 /* UIViewController+Extension.swift */,
				9161CAE02A5464F0002B8B77 /* UICollectionView+Extension.swift */,
				9161CAE22A546511002B8B77 /* ReusableView+Extesion.swift */,
			);
			path = Extensions;
			sourceTree = "<group>";
		};
		B1631F422A175BA30050974F /* Resources */ = {
			isa = PBXGroup;
			children = (
				37DCA6AF2A4AC79400FF8F90 /* Fonts */,
				B1631F0A2A1759EA0050974F /* AppDelegate.swift */,
				B1631F0C2A1759EA0050974F /* SceneDelegate.swift */,
				B1631F132A1759EB0050974F /* Assets.xcassets */,
				B1631F0E2A1759EA0050974F /* ViewController.swift */,
				B1631F152A1759EB0050974F /* LaunchScreen.storyboard */,
			);
			path = Resources;
			sourceTree = "<group>";
		};
		B1631F462A175BF10050974F /* Supporting Files */ = {
			isa = PBXGroup;
			children = (
				B1631F182A1759EB0050974F /* Info.plist */,
			);
			path = "Supporting Files";
			sourceTree = "<group>";
		};
		B1631F5E2A175FD00050974F /* Models */ = {
			isa = PBXGroup;
			children = (
				91F3A7782A52AC3E00C06D1B /* Photos.swift */,
				91F3A7672A52A8C300C06D1B /* Studio */,
				91F3A7682A52A8D000C06D1B /* Photo */,
				91F3A76D2A52AA2400C06D1B /* Member */,
				91F3A7742A52AB8300C06D1B /* Album */,
			);
			path = Models;
			sourceTree = "<group>";
		};
		B1631F612A175FF80050974F /* Consts */ = {
			isa = PBXGroup;
			children = (
				37DCA6AB2A4ABAE200FF8F90 /* ColorLiterals.swift */,
				37DCA6AD2A4ABAF300FF8F90 /* FontLiterals.swift */,
				91F3A75F2A517E9E00C06D1B /* ImageLiterals.swift */,
			);
			path = Consts;
			sourceTree = "<group>";
		};
		B1631F642A1760050050974F /* Utilities */ = {
			isa = PBXGroup;
			children = (
				B1631F652A1760180050974F /* .keep */,
				3782F4312A51E6D200FE3846 /* KeyboardManager.swift */,
				6BB37C722A55EB7400E49B12 /* DateManager.swift */,
			);
			path = Utilities;
			sourceTree = "<group>";
		};
		B1631F672A1760210050974F /* Components */ = {
			isa = PBXGroup;
			children = (
				37EB69E72A4BEF4300075E4E /* Base */,
				6BB37C5F2A5579AA00E49B12 /* Modal */,
				377EF7D42A4EFB5000E3268D /* PophoryButton.swift */,
				377EF7DA2A4F14DA00E3268D /* PophoryButtonBuilder.swift */,
				377EF7EE2A4FC6E900E3268D /* PophoryNavigationConfigurator.swift */,
			);
			path = Components;
			sourceTree = "<group>";
		};
/* End PBXGroup section */

/* Begin PBXNativeTarget section */
		B1631F062A1759EA0050974F /* pophory-iOS */ = {
			isa = PBXNativeTarget;
			buildConfigurationList = B1631F312A1759EB0050974F /* Build configuration list for PBXNativeTarget "pophory-iOS" */;
			buildPhases = (
				B1631F032A1759EA0050974F /* Sources */,
				B1631F042A1759EA0050974F /* Frameworks */,
				B1631F052A1759EA0050974F /* Resources */,
			);
			buildRules = (
			);
			dependencies = (
			);
			name = "pophory-iOS";
			packageProductDependencies = (
				37DCA6822A4A97AF00FF8F90 /* Moya */,
				37DCA6852A4A97CA00FF8F90 /* SnapKit */,
				9161CADE2A5460AA002B8B77 /* Kingfisher */,
			);
			productName = ZKFace;
			productReference = B1631F072A1759EA0050974F /* pophory-iOS.app */;
			productType = "com.apple.product-type.application";
		};
		B1631F1C2A1759EB0050974F /* pophoryTests */ = {
			isa = PBXNativeTarget;
			buildConfigurationList = B1631F342A1759EC0050974F /* Build configuration list for PBXNativeTarget "pophoryTests" */;
			buildPhases = (
				B1631F192A1759EB0050974F /* Sources */,
				B1631F1A2A1759EB0050974F /* Frameworks */,
				B1631F1B2A1759EB0050974F /* Resources */,
			);
			buildRules = (
			);
			dependencies = (
				B1631F1F2A1759EB0050974F /* PBXTargetDependency */,
			);
			name = pophoryTests;
			productName = ZKFaceTests;
			productReference = B1631F1D2A1759EB0050974F /* pophoryTests.xctest */;
			productType = "com.apple.product-type.bundle.unit-test";
		};
		B1631F262A1759EB0050974F /* pophoryUITests */ = {
			isa = PBXNativeTarget;
			buildConfigurationList = B1631F372A1759EC0050974F /* Build configuration list for PBXNativeTarget "pophoryUITests" */;
			buildPhases = (
				B1631F232A1759EB0050974F /* Sources */,
				B1631F242A1759EB0050974F /* Frameworks */,
				B1631F252A1759EB0050974F /* Resources */,
			);
			buildRules = (
			);
			dependencies = (
				B1631F292A1759EB0050974F /* PBXTargetDependency */,
			);
			name = pophoryUITests;
			productName = ZKFaceUITests;
			productReference = B1631F272A1759EB0050974F /* pophoryUITests.xctest */;
			productType = "com.apple.product-type.bundle.ui-testing";
		};
/* End PBXNativeTarget section */

/* Begin PBXProject section */
		B1631EFF2A1759EA0050974F /* Project object */ = {
			isa = PBXProject;
			attributes = {
				BuildIndependentTargetsInParallel = 1;
				LastSwiftUpdateCheck = 1430;
				LastUpgradeCheck = 1430;
				TargetAttributes = {
					B1631F062A1759EA0050974F = {
						CreatedOnToolsVersion = 14.3;
					};
					B1631F1C2A1759EB0050974F = {
						CreatedOnToolsVersion = 14.3;
						TestTargetID = B1631F062A1759EA0050974F;
					};
					B1631F262A1759EB0050974F = {
						CreatedOnToolsVersion = 14.3;
						TestTargetID = B1631F062A1759EA0050974F;
					};
				};
			};
			buildConfigurationList = B1631F022A1759EA0050974F /* Build configuration list for PBXProject "pophory-iOS" */;
			compatibilityVersion = "Xcode 13.0";
			developmentRegion = en;
			hasScannedForEncodings = 0;
			knownRegions = (
				en,
				Base,
			);
			mainGroup = B1631EFE2A1759EA0050974F;
			packageReferences = (
				37DCA6812A4A97AF00FF8F90 /* XCRemoteSwiftPackageReference "Moya" */,
				37DCA6842A4A97CA00FF8F90 /* XCRemoteSwiftPackageReference "SnapKit" */,
				9161CADD2A5460AA002B8B77 /* XCRemoteSwiftPackageReference "Kingfisher" */,
			);
			productRefGroup = B1631F082A1759EA0050974F /* Products */;
			projectDirPath = "";
			projectRoot = "";
			targets = (
				B1631F062A1759EA0050974F /* pophory-iOS */,
				B1631F1C2A1759EB0050974F /* pophoryTests */,
				B1631F262A1759EB0050974F /* pophoryUITests */,
			);
		};
/* End PBXProject section */

/* Begin PBXResourcesBuildPhase section */
		B1631F052A1759EA0050974F /* Resources */ = {
			isa = PBXResourcesBuildPhase;
			buildActionMask = 2147483647;
			files = (
				B1631F172A1759EB0050974F /* LaunchScreen.storyboard in Resources */,
				376BF6502A548FB60007D4C3 /* Pretendard-Bold.otf in Resources */,
				37DCA6B52A4AC7CD00FF8F90 /* Pretendard-Regular.otf in Resources */,
				37DCA6B42A4AC7CD00FF8F90 /* Pretendard-Medium.otf in Resources */,
				37DCA6B32A4AC7CD00FF8F90 /* Pretendard-SemiBold.otf in Resources */,
				B1631F142A1759EB0050974F /* Assets.xcassets in Resources */,
			);
			runOnlyForDeploymentPostprocessing = 0;
		};
		B1631F1B2A1759EB0050974F /* Resources */ = {
			isa = PBXResourcesBuildPhase;
			buildActionMask = 2147483647;
			files = (
			);
			runOnlyForDeploymentPostprocessing = 0;
		};
		B1631F252A1759EB0050974F /* Resources */ = {
			isa = PBXResourcesBuildPhase;
			buildActionMask = 2147483647;
			files = (
			);
			runOnlyForDeploymentPostprocessing = 0;
		};
/* End PBXResourcesBuildPhase section */

/* Begin PBXSourcesBuildPhase section */
		B1631F032A1759EA0050974F /* Sources */ = {
			isa = PBXSourcesBuildPhase;
			buildActionMask = 2147483647;
			files = (
				91F3A7832A52AE2800C06D1B /* BaseURLConstant.swift in Sources */,
				377EF7E72A4F4C8700E3268D /* NameInputView.swift in Sources */,
				B1631F542A175F090050974F /* UIImageView+Extension.swift in Sources */,
				377EF7EF2A4FC6E900E3268D /* PophoryNavigationConfigurator.swift in Sources */,
				B1631F502A175E840050974F /* String+Extension.swift in Sources */,
				37DCA6A22A4AB6EF00FF8F90 /* TabBarViewController.swift in Sources */,
				6BB37C672A558A8B00E49B12 /* CustomModalTransitionDelegate.swift in Sources */,
				91F3A7A62A52D57700C06D1B /* DefaultStudioRepository.swift in Sources */,
				91F3A7602A517E9E00C06D1B /* ImageLiterals.swift in Sources */,
				B1631F0F2A1759EA0050974F /* ViewController.swift in Sources */,
				91F3A78C2A52B21000C06D1B /* StudiosAPI.swift in Sources */,
				6BB37C652A5589F400E49B12 /* CustomModalPresentationController.swift in Sources */,
				91F3A7A22A52D40A00C06D1B /* AlbumRepository.swift in Sources */,
				37DCA69E2A4AB6DC00FF8F90 /* SettingsViewController.swift in Sources */,
				6BB37C772A55FA7E00E49B12 /* StudioModalViewController.swift in Sources */,
				37EB69E92A4BEF5400075E4E /* BaseViewController.swift in Sources */,
				6B29DC5B2A5494A000F93EC7 /* PhotoAlbumCollectionViewCell.swift in Sources */,
				6B29DC5C2A5494A000F93EC7 /* AddPhotoViewController.swift in Sources */,
				37DCA6A42A4AB6F600FF8F90 /* SplashViewController.swift in Sources */,
				3782F4342A528A3600FE3846 /* SignInView.swift in Sources */,
				37DCA6AE2A4ABAF300FF8F90 /* FontLiterals.swift in Sources */,
				B1631F4E2A175E350050974F /* UIStackView+Extension.swift in Sources */,
				91F3A76F2A52AA9100C06D1B /* PatchSignUpRequestDTO.swift in Sources */,
				91F3A79C2A52D2DE00C06D1B /* StudioRepository.swift in Sources */,
				377EF7DB2A4F14DA00E3268D /* PophoryButtonBuilder.swift in Sources */,
				9161CADC2A545EA2002B8B77 /* PhotoCollectionViewCell.swift in Sources */,
				91F3A7B72A53183800C06D1B /* ChangeSortView.swift in Sources */,
				91F3A7B22A52F99F00C06D1B /* AlbumDetailView.swift in Sources */,
				91F3A7A02A52D36F00C06D1B /* MemberRepository.swift in Sources */,
				377EF7E92A4F4CA500E3268D /* IDInputView.swift in Sources */,
				91F3A7812A52AE1900C06D1B /* BaseTargetType.swift in Sources */,
				37DCA69C2A4AB6D300FF8F90 /* LeaveServiceViewController.swift in Sources */,
				9161CAE32A546511002B8B77 /* ReusableView+Extesion.swift in Sources */,
				91F3A7B42A53077F00C06D1B /* ChangeSortViewController.swift in Sources */,
				91F3A7AE2A52F2F700C06D1B /* DefaultAuthRepository.swift in Sources */,
				91F3A7852A52AE3900C06D1B /* NetworkResult.swift in Sources */,
				6BB37C6F2A55ADCF00E49B12 /* CalendarModalViewController.swift in Sources */,
				6BB37C792A56000800E49B12 /* StudioCollectionViewCell.swift in Sources */,
				6B29DC5A2A5494A000F93EC7 /* AddPhotoView.swift in Sources */,
				91F3A7942A52B96F00C06D1B /* AuthAPI.swift in Sources */,
				371A7C632A5133C80095C744 /* UIViewController+Extension.swift in Sources */,
				91F3A7582A51760B00C06D1B /* Navigatable.swift in Sources */,
				91F3A7792A52AC3E00C06D1B /* Photos.swift in Sources */,
				3782F4402A52C6EB00FE3846 /* BaseInputView.swift in Sources */,
				377EF7E02A4F489B00E3268D /* IDInputViewController.swift in Sources */,
				B1631F0B2A1759EA0050974F /* AppDelegate.swift in Sources */,
				9161CAE12A5464F0002B8B77 /* UICollectionView+Extension.swift in Sources */,
				91F3A7872A52AE4600C06D1B /* NetworkService.swift in Sources */,
				91F3A7892A52AE5A00C06D1B /* URLConstants.swift in Sources */,
				377EF7DE2A4F47FB00E3268D /* NameInputViewController.swift in Sources */,
				B1631F4C2A175DC80050974F /* NSMutableAttributedString+Extension.swift in Sources */,
				37DCA6A02A4AB6E600FF8F90 /* MypageViewController.swift in Sources */,
				37DCA6A82A4AB71200FF8F90 /* OnboardingViewController.swift in Sources */,
				91F3A76A2A52A93600C06D1B /* PostPhotoRequestDTO.swift in Sources */,
				B1631F592A175F470050974F /* Notification.Name+Extension.swift in Sources */,
				3782F4422A52CD5A00FE3846 /* StartPophoryView.swift in Sources */,
				377EF7D52A4EFB5000E3268D /* PophoryButton.swift in Sources */,
				B1631F522A175EDB0050974F /* UIResponder+Extension.swift in Sources */,
				91F3A78E2A52B38000C06D1B /* PhotoAPI.swift in Sources */,
				B1631F482A175C780050974F /* UIView+Extension.swift in Sources */,
				91F3A7762A52ABBE00C06D1B /* PatchAlbumListResponseDTO.swift in Sources */,
				37DCA6B72A4ACE6200FF8F90 /* UILabel+Extension.swift in Sources */,
				37DCA6962A4AB5B900FF8F90 /* EntireAlbumsViewController.swift in Sources */,
				377EF7E22A4F48BE00E3268D /* PickAlbumCoverViewController.swift in Sources */,
				B1631F4A2A175D5C0050974F /* UIButton+Extension.swift in Sources */,
				6B29DC592A5494A000F93EC7 /* PhotoInfoStackView.swift in Sources */,
				37DCA6B92A4ACEC700FF8F90 /* UIScreen+Extension.swift in Sources */,
				91F3A7922A52B71800C06D1B /* AlbumAPI.swift in Sources */,
				37DCA69A2A4AB6C900FF8F90 /* HomeAlbumViewController.swift in Sources */,
				91F3A77F2A52ADD900C06D1B /* MoyaLoggerPlugin.swift in Sources */,
				91F3A7A42A52D52200C06D1B /* AuthRepository.swift in Sources */,
				91F3A7732A52AB5600C06D1B /* PatchUserInfoResponseDTO.swift in Sources */,
				91F3A79E2A52D31000C06D1B /* PhotoRepository.swift in Sources */,
				91F3A7712A52AADE00C06D1B /* PatchMyPageResponseDTO.swift in Sources */,
				371A7C5D2A5120CA0095C744 /* (null) in Sources */,
				3782F4382A528BAF00FE3846 /* StartPophoryViewController.swift in Sources */,
				91F3A7AC2A52F23D00C06D1B /* DefaultAlbumRespository.swift in Sources */,
				91F3A7AA2A52D90800C06D1B /* DefaultMemberRepository.swift in Sources */,
				3782F4382A528BAF00FE3846 /* StartPophoryViewController.swift in Sources */,
				6BB37C732A55EB7400E49B12 /* DateManager.swift in Sources */,
				B1631F5B2A175F860050974F /* UITextField+Extension.swift in Sources */,
				37DCA6AC2A4ABAE200FF8F90 /* ColorLiterals.swift in Sources */,
				9161CAE62A546DCD002B8B77 /* PhotoCollectionViewDataSource.swift in Sources */,
				91F3A77B2A52AC8000C06D1B /* PatchAlbumPhotoListResponseDTO.swift in Sources */,
				91F3A7622A5206B100C06D1B /* HomeAlbumView.swift in Sources */,
				372F7F382A5446390032B7BC /* KeyboardFollowable.swift in Sources */,
				37DCA6A62A4AB6FF00FF8F90 /* SignInViewController.swift in Sources */,
				91F3A7902A52B5DA00C06D1B /* MemberAPI.swift in Sources */,
				91F3A7662A52A87E00C06D1B /* PatchStudiosResponseDTO.swift in Sources */,
				91F3A7B02A52F97700C06D1B /* AlbumDetailViewController.swift in Sources */,
				B1631F5D2A175F9C0050974F /* Date+Extension.swift in Sources */,
				37310F142A5535B20046E777 /* PickAlbumButtonCollectionViewCell.swift in Sources */,
				3782F4322A51E6D200FE3846 /* KeyboardManager.swift in Sources */,
				3782F4462A52F4BF00FE3846 /* OnboardingContentCollectionViewCell.swift in Sources */,
				B1631F0D2A1759EA0050974F /* SceneDelegate.swift in Sources */,
				B1631F562A175F230050974F /* UICollectionViewCell+Extension.swift in Sources */,
				91F3A7972A52D04200C06D1B /* BaseRepository.swift in Sources */,
				91F3A7A82A52D6C100C06D1B /* DefaultPhotoRepository.swift in Sources */,
				6B488BDB2A57F12700A5033A /* BaseImagePickerViewController.swift in Sources */,
				372F7F362A540D270032B7BC /* OnboardingView.swift in Sources */,
				377EF7EB2A4F4CBD00E3268D /* PickAlbumCoverView.swift in Sources */,
			);
			runOnlyForDeploymentPostprocessing = 0;
		};
		B1631F192A1759EB0050974F /* Sources */ = {
			isa = PBXSourcesBuildPhase;
			buildActionMask = 2147483647;
			files = (
				B1631F222A1759EB0050974F /* pophory-iOSTests.swift in Sources */,
			);
			runOnlyForDeploymentPostprocessing = 0;
		};
		B1631F232A1759EB0050974F /* Sources */ = {
			isa = PBXSourcesBuildPhase;
			buildActionMask = 2147483647;
			files = (
				B1631F2E2A1759EB0050974F /* pophoryUITestsLaunchTests.swift in Sources */,
				B1631F2C2A1759EB0050974F /* pophoryUITests.swift in Sources */,
			);
			runOnlyForDeploymentPostprocessing = 0;
		};
/* End PBXSourcesBuildPhase section */

/* Begin PBXTargetDependency section */
		B1631F1F2A1759EB0050974F /* PBXTargetDependency */ = {
			isa = PBXTargetDependency;
			target = B1631F062A1759EA0050974F /* pophory-iOS */;
			targetProxy = B1631F1E2A1759EB0050974F /* PBXContainerItemProxy */;
		};
		B1631F292A1759EB0050974F /* PBXTargetDependency */ = {
			isa = PBXTargetDependency;
			target = B1631F062A1759EA0050974F /* pophory-iOS */;
			targetProxy = B1631F282A1759EB0050974F /* PBXContainerItemProxy */;
		};
/* End PBXTargetDependency section */

/* Begin PBXVariantGroup section */
		B1631F152A1759EB0050974F /* LaunchScreen.storyboard */ = {
			isa = PBXVariantGroup;
			children = (
				B1631F162A1759EB0050974F /* Base */,
			);
			name = LaunchScreen.storyboard;
			sourceTree = "<group>";
		};
/* End PBXVariantGroup section */

/* Begin XCBuildConfiguration section */
		B1631F2F2A1759EB0050974F /* Debug */ = {
			isa = XCBuildConfiguration;
			buildSettings = {
				ALWAYS_SEARCH_USER_PATHS = NO;
				CLANG_ANALYZER_NONNULL = YES;
				CLANG_ANALYZER_NUMBER_OBJECT_CONVERSION = YES_AGGRESSIVE;
				CLANG_CXX_LANGUAGE_STANDARD = "gnu++20";
				CLANG_ENABLE_MODULES = YES;
				CLANG_ENABLE_OBJC_ARC = YES;
				CLANG_ENABLE_OBJC_WEAK = YES;
				CLANG_WARN_BLOCK_CAPTURE_AUTORELEASING = YES;
				CLANG_WARN_BOOL_CONVERSION = YES;
				CLANG_WARN_COMMA = YES;
				CLANG_WARN_CONSTANT_CONVERSION = YES;
				CLANG_WARN_DEPRECATED_OBJC_IMPLEMENTATIONS = YES;
				CLANG_WARN_DIRECT_OBJC_ISA_USAGE = YES_ERROR;
				CLANG_WARN_DOCUMENTATION_COMMENTS = YES;
				CLANG_WARN_EMPTY_BODY = YES;
				CLANG_WARN_ENUM_CONVERSION = YES;
				CLANG_WARN_INFINITE_RECURSION = YES;
				CLANG_WARN_INT_CONVERSION = YES;
				CLANG_WARN_NON_LITERAL_NULL_CONVERSION = YES;
				CLANG_WARN_OBJC_IMPLICIT_RETAIN_SELF = YES;
				CLANG_WARN_OBJC_LITERAL_CONVERSION = YES;
				CLANG_WARN_OBJC_ROOT_CLASS = YES_ERROR;
				CLANG_WARN_QUOTED_INCLUDE_IN_FRAMEWORK_HEADER = YES;
				CLANG_WARN_RANGE_LOOP_ANALYSIS = YES;
				CLANG_WARN_STRICT_PROTOTYPES = YES;
				CLANG_WARN_SUSPICIOUS_MOVE = YES;
				CLANG_WARN_UNGUARDED_AVAILABILITY = YES_AGGRESSIVE;
				CLANG_WARN_UNREACHABLE_CODE = YES;
				CLANG_WARN__DUPLICATE_METHOD_MATCH = YES;
				COPY_PHASE_STRIP = NO;
				DEBUG_INFORMATION_FORMAT = dwarf;
				ENABLE_STRICT_OBJC_MSGSEND = YES;
				ENABLE_TESTABILITY = YES;
				GCC_C_LANGUAGE_STANDARD = gnu11;
				GCC_DYNAMIC_NO_PIC = NO;
				GCC_NO_COMMON_BLOCKS = YES;
				GCC_OPTIMIZATION_LEVEL = 0;
				GCC_PREPROCESSOR_DEFINITIONS = (
					"DEBUG=1",
					"$(inherited)",
				);
				GCC_WARN_64_TO_32_BIT_CONVERSION = YES;
				GCC_WARN_ABOUT_RETURN_TYPE = YES_ERROR;
				GCC_WARN_UNDECLARED_SELECTOR = YES;
				GCC_WARN_UNINITIALIZED_AUTOS = YES_AGGRESSIVE;
				GCC_WARN_UNUSED_FUNCTION = YES;
				GCC_WARN_UNUSED_VARIABLE = YES;
				IPHONEOS_DEPLOYMENT_TARGET = 16.4;
				MTL_ENABLE_DEBUG_INFO = INCLUDE_SOURCE;
				MTL_FAST_MATH = YES;
				ONLY_ACTIVE_ARCH = YES;
				SDKROOT = iphoneos;
				SWIFT_ACTIVE_COMPILATION_CONDITIONS = DEBUG;
				SWIFT_OPTIMIZATION_LEVEL = "-Onone";
			};
			name = Debug;
		};
		B1631F302A1759EB0050974F /* Release */ = {
			isa = XCBuildConfiguration;
			buildSettings = {
				ALWAYS_SEARCH_USER_PATHS = NO;
				CLANG_ANALYZER_NONNULL = YES;
				CLANG_ANALYZER_NUMBER_OBJECT_CONVERSION = YES_AGGRESSIVE;
				CLANG_CXX_LANGUAGE_STANDARD = "gnu++20";
				CLANG_ENABLE_MODULES = YES;
				CLANG_ENABLE_OBJC_ARC = YES;
				CLANG_ENABLE_OBJC_WEAK = YES;
				CLANG_WARN_BLOCK_CAPTURE_AUTORELEASING = YES;
				CLANG_WARN_BOOL_CONVERSION = YES;
				CLANG_WARN_COMMA = YES;
				CLANG_WARN_CONSTANT_CONVERSION = YES;
				CLANG_WARN_DEPRECATED_OBJC_IMPLEMENTATIONS = YES;
				CLANG_WARN_DIRECT_OBJC_ISA_USAGE = YES_ERROR;
				CLANG_WARN_DOCUMENTATION_COMMENTS = YES;
				CLANG_WARN_EMPTY_BODY = YES;
				CLANG_WARN_ENUM_CONVERSION = YES;
				CLANG_WARN_INFINITE_RECURSION = YES;
				CLANG_WARN_INT_CONVERSION = YES;
				CLANG_WARN_NON_LITERAL_NULL_CONVERSION = YES;
				CLANG_WARN_OBJC_IMPLICIT_RETAIN_SELF = YES;
				CLANG_WARN_OBJC_LITERAL_CONVERSION = YES;
				CLANG_WARN_OBJC_ROOT_CLASS = YES_ERROR;
				CLANG_WARN_QUOTED_INCLUDE_IN_FRAMEWORK_HEADER = YES;
				CLANG_WARN_RANGE_LOOP_ANALYSIS = YES;
				CLANG_WARN_STRICT_PROTOTYPES = YES;
				CLANG_WARN_SUSPICIOUS_MOVE = YES;
				CLANG_WARN_UNGUARDED_AVAILABILITY = YES_AGGRESSIVE;
				CLANG_WARN_UNREACHABLE_CODE = YES;
				CLANG_WARN__DUPLICATE_METHOD_MATCH = YES;
				COPY_PHASE_STRIP = NO;
				DEBUG_INFORMATION_FORMAT = "dwarf-with-dsym";
				ENABLE_NS_ASSERTIONS = NO;
				ENABLE_STRICT_OBJC_MSGSEND = YES;
				GCC_C_LANGUAGE_STANDARD = gnu11;
				GCC_NO_COMMON_BLOCKS = YES;
				GCC_WARN_64_TO_32_BIT_CONVERSION = YES;
				GCC_WARN_ABOUT_RETURN_TYPE = YES_ERROR;
				GCC_WARN_UNDECLARED_SELECTOR = YES;
				GCC_WARN_UNINITIALIZED_AUTOS = YES_AGGRESSIVE;
				GCC_WARN_UNUSED_FUNCTION = YES;
				GCC_WARN_UNUSED_VARIABLE = YES;
				IPHONEOS_DEPLOYMENT_TARGET = 16.4;
				MTL_ENABLE_DEBUG_INFO = NO;
				MTL_FAST_MATH = YES;
				SDKROOT = iphoneos;
				SWIFT_COMPILATION_MODE = wholemodule;
				SWIFT_OPTIMIZATION_LEVEL = "-O";
				VALIDATE_PRODUCT = YES;
			};
			name = Release;
		};
		B1631F322A1759EB0050974F /* Debug */ = {
			isa = XCBuildConfiguration;
			buildSettings = {
				ASSETCATALOG_COMPILER_APPICON_NAME = AppIcon;
				ASSETCATALOG_COMPILER_GLOBAL_ACCENT_COLOR_NAME = AccentColor;
				CODE_SIGN_STYLE = Automatic;
				CURRENT_PROJECT_VERSION = 1;
				DEVELOPMENT_TEAM = D96A3BCL3R;
				GENERATE_INFOPLIST_FILE = YES;
				INFOPLIST_FILE = "pophory-iOS/Global/Supporting Files/Info.plist";
				INFOPLIST_KEY_NSPhotoLibraryAddUsageDescription = "앨범 사용 허가";
				INFOPLIST_KEY_UIApplicationSupportsIndirectInputEvents = YES;
				INFOPLIST_KEY_UILaunchStoryboardName = LaunchScreen;
				INFOPLIST_KEY_UISupportedInterfaceOrientations_iPad = "UIInterfaceOrientationPortrait UIInterfaceOrientationPortraitUpsideDown UIInterfaceOrientationLandscapeLeft UIInterfaceOrientationLandscapeRight";
				INFOPLIST_KEY_UISupportedInterfaceOrientations_iPhone = "UIInterfaceOrientationPortrait UIInterfaceOrientationLandscapeLeft UIInterfaceOrientationLandscapeRight";
				INFOPLIST_KEY_UIUserInterfaceStyle = Light;
				IPHONEOS_DEPLOYMENT_TARGET = 13.0;
				LD_RUNPATH_SEARCH_PATHS = (
					"$(inherited)",
					"@executable_path/Frameworks",
				);
				MARKETING_VERSION = 1.0;
				PRODUCT_BUNDLE_IDENTIFIER = "Team.pophory-iOS";
				PRODUCT_NAME = "$(TARGET_NAME)";
				SWIFT_EMIT_LOC_STRINGS = YES;
				SWIFT_VERSION = 5.0;
				TARGETED_DEVICE_FAMILY = "1,2";
			};
			name = Debug;
		};
		B1631F332A1759EB0050974F /* Release */ = {
			isa = XCBuildConfiguration;
			buildSettings = {
				ASSETCATALOG_COMPILER_APPICON_NAME = AppIcon;
				ASSETCATALOG_COMPILER_GLOBAL_ACCENT_COLOR_NAME = AccentColor;
				CODE_SIGN_STYLE = Automatic;
				CURRENT_PROJECT_VERSION = 1;
				DEVELOPMENT_TEAM = D96A3BCL3R;
				GENERATE_INFOPLIST_FILE = YES;
				INFOPLIST_FILE = "pophory-iOS/Global/Supporting Files/Info.plist";
				INFOPLIST_KEY_NSPhotoLibraryAddUsageDescription = "앨범 사용 허가";
				INFOPLIST_KEY_UIApplicationSupportsIndirectInputEvents = YES;
				INFOPLIST_KEY_UILaunchStoryboardName = LaunchScreen;
				INFOPLIST_KEY_UISupportedInterfaceOrientations_iPad = "UIInterfaceOrientationPortrait UIInterfaceOrientationPortraitUpsideDown UIInterfaceOrientationLandscapeLeft UIInterfaceOrientationLandscapeRight";
				INFOPLIST_KEY_UISupportedInterfaceOrientations_iPhone = "UIInterfaceOrientationPortrait UIInterfaceOrientationLandscapeLeft UIInterfaceOrientationLandscapeRight";
				INFOPLIST_KEY_UIUserInterfaceStyle = Light;
				IPHONEOS_DEPLOYMENT_TARGET = 13.0;
				LD_RUNPATH_SEARCH_PATHS = (
					"$(inherited)",
					"@executable_path/Frameworks",
				);
				MARKETING_VERSION = 1.0;
				PRODUCT_BUNDLE_IDENTIFIER = "Team.pophory-iOS";
				PRODUCT_NAME = "$(TARGET_NAME)";
				SWIFT_EMIT_LOC_STRINGS = YES;
				SWIFT_VERSION = 5.0;
				TARGETED_DEVICE_FAMILY = "1,2";
			};
			name = Release;
		};
		B1631F352A1759EC0050974F /* Debug */ = {
			isa = XCBuildConfiguration;
			buildSettings = {
				ALWAYS_EMBED_SWIFT_STANDARD_LIBRARIES = YES;
				BUNDLE_LOADER = "$(TEST_HOST)";
				CODE_SIGN_STYLE = Automatic;
				CURRENT_PROJECT_VERSION = 1;
				DEVELOPMENT_TEAM = J92QJ4K4KU;
				GENERATE_INFOPLIST_FILE = YES;
				IPHONEOS_DEPLOYMENT_TARGET = 16.4;
				MARKETING_VERSION = 1.0;
				PRODUCT_BUNDLE_IDENTIFIER = com.glitchhackathon.zkface.ZKFaceTests;
				PRODUCT_NAME = "$(TARGET_NAME)";
				SWIFT_EMIT_LOC_STRINGS = NO;
				SWIFT_VERSION = 5.0;
				TARGETED_DEVICE_FAMILY = "1,2";
				TEST_HOST = "$(BUILT_PRODUCTS_DIR)/ZKFace.app/$(BUNDLE_EXECUTABLE_FOLDER_PATH)/ZKFace";
			};
			name = Debug;
		};
		B1631F362A1759EC0050974F /* Release */ = {
			isa = XCBuildConfiguration;
			buildSettings = {
				ALWAYS_EMBED_SWIFT_STANDARD_LIBRARIES = YES;
				BUNDLE_LOADER = "$(TEST_HOST)";
				CODE_SIGN_STYLE = Automatic;
				CURRENT_PROJECT_VERSION = 1;
				DEVELOPMENT_TEAM = J92QJ4K4KU;
				GENERATE_INFOPLIST_FILE = YES;
				IPHONEOS_DEPLOYMENT_TARGET = 16.4;
				MARKETING_VERSION = 1.0;
				PRODUCT_BUNDLE_IDENTIFIER = com.glitchhackathon.zkface.ZKFaceTests;
				PRODUCT_NAME = "$(TARGET_NAME)";
				SWIFT_EMIT_LOC_STRINGS = NO;
				SWIFT_VERSION = 5.0;
				TARGETED_DEVICE_FAMILY = "1,2";
				TEST_HOST = "$(BUILT_PRODUCTS_DIR)/ZKFace.app/$(BUNDLE_EXECUTABLE_FOLDER_PATH)/ZKFace";
			};
			name = Release;
		};
		B1631F382A1759EC0050974F /* Debug */ = {
			isa = XCBuildConfiguration;
			buildSettings = {
				ALWAYS_EMBED_SWIFT_STANDARD_LIBRARIES = YES;
				CODE_SIGN_STYLE = Automatic;
				CURRENT_PROJECT_VERSION = 1;
				DEVELOPMENT_TEAM = J92QJ4K4KU;
				GENERATE_INFOPLIST_FILE = YES;
				MARKETING_VERSION = 1.0;
				PRODUCT_BUNDLE_IDENTIFIER = com.glitchhackathon.zkface.ZKFaceUITests;
				PRODUCT_NAME = "$(TARGET_NAME)";
				SUPPORTED_PLATFORMS = "iphoneos iphonesimulator";
				SUPPORTS_MACCATALYST = NO;
				SUPPORTS_MAC_DESIGNED_FOR_IPHONE_IPAD = NO;
				SWIFT_EMIT_LOC_STRINGS = NO;
				SWIFT_VERSION = 5.0;
				TARGETED_DEVICE_FAMILY = 1;
				TEST_TARGET_NAME = ZKFace;
			};
			name = Debug;
		};
		B1631F392A1759EC0050974F /* Release */ = {
			isa = XCBuildConfiguration;
			buildSettings = {
				ALWAYS_EMBED_SWIFT_STANDARD_LIBRARIES = YES;
				CODE_SIGN_STYLE = Automatic;
				CURRENT_PROJECT_VERSION = 1;
				DEVELOPMENT_TEAM = J92QJ4K4KU;
				GENERATE_INFOPLIST_FILE = YES;
				MARKETING_VERSION = 1.0;
				PRODUCT_BUNDLE_IDENTIFIER = com.glitchhackathon.zkface.ZKFaceUITests;
				PRODUCT_NAME = "$(TARGET_NAME)";
				SUPPORTED_PLATFORMS = "iphoneos iphonesimulator";
				SUPPORTS_MACCATALYST = NO;
				SUPPORTS_MAC_DESIGNED_FOR_IPHONE_IPAD = NO;
				SWIFT_EMIT_LOC_STRINGS = NO;
				SWIFT_VERSION = 5.0;
				TARGETED_DEVICE_FAMILY = 1;
				TEST_TARGET_NAME = ZKFace;
			};
			name = Release;
		};
/* End XCBuildConfiguration section */

/* Begin XCConfigurationList section */
		B1631F022A1759EA0050974F /* Build configuration list for PBXProject "pophory-iOS" */ = {
			isa = XCConfigurationList;
			buildConfigurations = (
				B1631F2F2A1759EB0050974F /* Debug */,
				B1631F302A1759EB0050974F /* Release */,
			);
			defaultConfigurationIsVisible = 0;
			defaultConfigurationName = Release;
		};
		B1631F312A1759EB0050974F /* Build configuration list for PBXNativeTarget "pophory-iOS" */ = {
			isa = XCConfigurationList;
			buildConfigurations = (
				B1631F322A1759EB0050974F /* Debug */,
				B1631F332A1759EB0050974F /* Release */,
			);
			defaultConfigurationIsVisible = 0;
			defaultConfigurationName = Release;
		};
		B1631F342A1759EC0050974F /* Build configuration list for PBXNativeTarget "pophoryTests" */ = {
			isa = XCConfigurationList;
			buildConfigurations = (
				B1631F352A1759EC0050974F /* Debug */,
				B1631F362A1759EC0050974F /* Release */,
			);
			defaultConfigurationIsVisible = 0;
			defaultConfigurationName = Release;
		};
		B1631F372A1759EC0050974F /* Build configuration list for PBXNativeTarget "pophoryUITests" */ = {
			isa = XCConfigurationList;
			buildConfigurations = (
				B1631F382A1759EC0050974F /* Debug */,
				B1631F392A1759EC0050974F /* Release */,
			);
			defaultConfigurationIsVisible = 0;
			defaultConfigurationName = Release;
		};
/* End XCConfigurationList section */

/* Begin XCRemoteSwiftPackageReference section */
		37DCA6812A4A97AF00FF8F90 /* XCRemoteSwiftPackageReference "Moya" */ = {
			isa = XCRemoteSwiftPackageReference;
			repositoryURL = "https://github.com/Moya/Moya.git";
			requirement = {
				kind = upToNextMajorVersion;
				minimumVersion = 15.0.0;
			};
		};
		37DCA6842A4A97CA00FF8F90 /* XCRemoteSwiftPackageReference "SnapKit" */ = {
			isa = XCRemoteSwiftPackageReference;
			repositoryURL = "https://github.com/SnapKit/SnapKit.git";
			requirement = {
				kind = upToNextMajorVersion;
				minimumVersion = 5.0.0;
			};
		};
		9161CADD2A5460AA002B8B77 /* XCRemoteSwiftPackageReference "Kingfisher" */ = {
			isa = XCRemoteSwiftPackageReference;
			repositoryURL = "https://github.com/onevcat/Kingfisher.git";
			requirement = {
				kind = upToNextMajorVersion;
				minimumVersion = 7.0.0;
			};
		};
/* End XCRemoteSwiftPackageReference section */

/* Begin XCSwiftPackageProductDependency section */
		37DCA6822A4A97AF00FF8F90 /* Moya */ = {
			isa = XCSwiftPackageProductDependency;
			package = 37DCA6812A4A97AF00FF8F90 /* XCRemoteSwiftPackageReference "Moya" */;
			productName = Moya;
		};
		37DCA6852A4A97CA00FF8F90 /* SnapKit */ = {
			isa = XCSwiftPackageProductDependency;
			package = 37DCA6842A4A97CA00FF8F90 /* XCRemoteSwiftPackageReference "SnapKit" */;
			productName = SnapKit;
		};
		9161CADE2A5460AA002B8B77 /* Kingfisher */ = {
			isa = XCSwiftPackageProductDependency;
			package = 9161CADD2A5460AA002B8B77 /* XCRemoteSwiftPackageReference "Kingfisher" */;
			productName = Kingfisher;
		};
/* End XCSwiftPackageProductDependency section */
	};
	rootObject = B1631EFF2A1759EA0050974F /* Project object */;
}
