// !$*UTF8*$!
{
	archiveVersion = 1;
	classes = {
	};
	objectVersion = 55;
	objects = {

/* Begin PBXBuildFile section */
		B1631F0B2A1759EA0050974F /* AppDelegate.swift in Sources */ = {isa = PBXBuildFile; fileRef = B1631F0A2A1759EA0050974F /* AppDelegate.swift */; };
		B1631F0D2A1759EA0050974F /* SceneDelegate.swift in Sources */ = {isa = PBXBuildFile; fileRef = B1631F0C2A1759EA0050974F /* SceneDelegate.swift */; };
		B1631F0F2A1759EA0050974F /* ViewController.swift in Sources */ = {isa = PBXBuildFile; fileRef = B1631F0E2A1759EA0050974F /* ViewController.swift */; };
		B1631F122A1759EA0050974F /* Main.storyboard in Resources */ = {isa = PBXBuildFile; fileRef = B1631F102A1759EA0050974F /* Main.storyboard */; };
		B1631F142A1759EB0050974F /* Assets.xcassets in Resources */ = {isa = PBXBuildFile; fileRef = B1631F132A1759EB0050974F /* Assets.xcassets */; };
		B1631F172A1759EB0050974F /* LaunchScreen.storyboard in Resources */ = {isa = PBXBuildFile; fileRef = B1631F152A1759EB0050974F /* LaunchScreen.storyboard */; };
		B1631F222A1759EB0050974F /* ZKFaceTests.swift in Sources */ = {isa = PBXBuildFile; fileRef = B1631F212A1759EB0050974F /* ZKFaceTests.swift */; };
		B1631F2C2A1759EB0050974F /* ZKFaceUITests.swift in Sources */ = {isa = PBXBuildFile; fileRef = B1631F2B2A1759EB0050974F /* ZKFaceUITests.swift */; };
		B1631F2E2A1759EB0050974F /* ZKFaceUITestsLaunchTests.swift in Sources */ = {isa = PBXBuildFile; fileRef = B1631F2D2A1759EB0050974F /* ZKFaceUITestsLaunchTests.swift */; };
		B1631F482A175C780050974F /* UIView+Extension.swift in Sources */ = {isa = PBXBuildFile; fileRef = B1631F472A175C780050974F /* UIView+Extension.swift */; };
		B1631F4A2A175D5C0050974F /* UIButton+Extension.swift in Sources */ = {isa = PBXBuildFile; fileRef = B1631F492A175D5C0050974F /* UIButton+Extension.swift */; };
		B1631F4C2A175DC80050974F /* NSMutableAttributedString+Extension.swift in Sources */ = {isa = PBXBuildFile; fileRef = B1631F4B2A175DC80050974F /* NSMutableAttributedString+Extension.swift */; };
		B1631F4E2A175E350050974F /* UIStackView+Extension.swift in Sources */ = {isa = PBXBuildFile; fileRef = B1631F4D2A175E350050974F /* UIStackView+Extension.swift */; };
		B1631F502A175E840050974F /* String+Extension.swift in Sources */ = {isa = PBXBuildFile; fileRef = B1631F4F2A175E840050974F /* String+Extension.swift */; };
		B1631F522A175EDB0050974F /* UIResponder+Extension.swift in Sources */ = {isa = PBXBuildFile; fileRef = B1631F512A175EDB0050974F /* UIResponder+Extension.swift */; };
		B1631F542A175F090050974F /* UIImageView+Extension.swift in Sources */ = {isa = PBXBuildFile; fileRef = B1631F532A175F090050974F /* UIImageView+Extension.swift */; };
		B1631F562A175F230050974F /* UICollectionViewCell+Extension.swift in Sources */ = {isa = PBXBuildFile; fileRef = B1631F552A175F230050974F /* UICollectionViewCell+Extension.swift */; };
		B1631F592A175F470050974F /* Notification.Name+Extension.swift in Sources */ = {isa = PBXBuildFile; fileRef = B1631F582A175F470050974F /* Notification.Name+Extension.swift */; };
		B1631F5B2A175F860050974F /* UITextField+Extension.swift in Sources */ = {isa = PBXBuildFile; fileRef = B1631F5A2A175F850050974F /* UITextField+Extension.swift */; };
		B1631F5D2A175F9C0050974F /* Date+Extension.swift in Sources */ = {isa = PBXBuildFile; fileRef = B1631F5C2A175F9C0050974F /* Date+Extension.swift */; };
/* End PBXBuildFile section */

/* Begin PBXContainerItemProxy section */
		B1631F1E2A1759EB0050974F /* PBXContainerItemProxy */ = {
			isa = PBXContainerItemProxy;
			containerPortal = B1631EFF2A1759EA0050974F /* Project object */;
			proxyType = 1;
			remoteGlobalIDString = B1631F062A1759EA0050974F;
			remoteInfo = ZKFace;
		};
		B1631F282A1759EB0050974F /* PBXContainerItemProxy */ = {
			isa = PBXContainerItemProxy;
			containerPortal = B1631EFF2A1759EA0050974F /* Project object */;
			proxyType = 1;
			remoteGlobalIDString = B1631F062A1759EA0050974F;
			remoteInfo = ZKFace;
		};
/* End PBXContainerItemProxy section */

/* Begin PBXFileReference section */
		B1631F072A1759EA0050974F /* ZKFace.app */ = {isa = PBXFileReference; explicitFileType = wrapper.application; includeInIndex = 0; path = ZKFace.app; sourceTree = BUILT_PRODUCTS_DIR; };
		B1631F0A2A1759EA0050974F /* AppDelegate.swift */ = {isa = PBXFileReference; lastKnownFileType = sourcecode.swift; path = AppDelegate.swift; sourceTree = "<group>"; };
		B1631F0C2A1759EA0050974F /* SceneDelegate.swift */ = {isa = PBXFileReference; lastKnownFileType = sourcecode.swift; path = SceneDelegate.swift; sourceTree = "<group>"; };
		B1631F0E2A1759EA0050974F /* ViewController.swift */ = {isa = PBXFileReference; lastKnownFileType = sourcecode.swift; path = ViewController.swift; sourceTree = "<group>"; };
		B1631F112A1759EA0050974F /* Base */ = {isa = PBXFileReference; lastKnownFileType = file.storyboard; name = Base; path = Base.lproj/Main.storyboard; sourceTree = "<group>"; };
		B1631F132A1759EB0050974F /* Assets.xcassets */ = {isa = PBXFileReference; lastKnownFileType = folder.assetcatalog; path = Assets.xcassets; sourceTree = "<group>"; };
		B1631F162A1759EB0050974F /* Base */ = {isa = PBXFileReference; lastKnownFileType = file.storyboard; name = Base; path = Base.lproj/LaunchScreen.storyboard; sourceTree = "<group>"; };
		B1631F182A1759EB0050974F /* Info.plist */ = {isa = PBXFileReference; lastKnownFileType = text.plist.xml; path = Info.plist; sourceTree = "<group>"; };
		B1631F1D2A1759EB0050974F /* ZKFaceTests.xctest */ = {isa = PBXFileReference; explicitFileType = wrapper.cfbundle; includeInIndex = 0; path = ZKFaceTests.xctest; sourceTree = BUILT_PRODUCTS_DIR; };
		B1631F212A1759EB0050974F /* ZKFaceTests.swift */ = {isa = PBXFileReference; lastKnownFileType = sourcecode.swift; path = ZKFaceTests.swift; sourceTree = "<group>"; };
		B1631F272A1759EB0050974F /* ZKFaceUITests.xctest */ = {isa = PBXFileReference; explicitFileType = wrapper.cfbundle; includeInIndex = 0; path = ZKFaceUITests.xctest; sourceTree = BUILT_PRODUCTS_DIR; };
		B1631F2B2A1759EB0050974F /* ZKFaceUITests.swift */ = {isa = PBXFileReference; lastKnownFileType = sourcecode.swift; path = ZKFaceUITests.swift; sourceTree = "<group>"; };
		B1631F2D2A1759EB0050974F /* ZKFaceUITestsLaunchTests.swift */ = {isa = PBXFileReference; lastKnownFileType = sourcecode.swift; path = ZKFaceUITestsLaunchTests.swift; sourceTree = "<group>"; };
		B1631F402A175B970050974F /* .keep */ = {isa = PBXFileReference; lastKnownFileType = text; path = .keep; sourceTree = "<group>"; };
		B1631F442A175BDE0050974F /* .keep */ = {isa = PBXFileReference; lastKnownFileType = text; path = .keep; sourceTree = "<group>"; };
		B1631F472A175C780050974F /* UIView+Extension.swift */ = {isa = PBXFileReference; lastKnownFileType = sourcecode.swift; path = "UIView+Extension.swift"; sourceTree = "<group>"; };
		B1631F492A175D5C0050974F /* UIButton+Extension.swift */ = {isa = PBXFileReference; lastKnownFileType = sourcecode.swift; path = "UIButton+Extension.swift"; sourceTree = "<group>"; };
		B1631F4B2A175DC80050974F /* NSMutableAttributedString+Extension.swift */ = {isa = PBXFileReference; lastKnownFileType = sourcecode.swift; path = "NSMutableAttributedString+Extension.swift"; sourceTree = "<group>"; };
		B1631F4D2A175E350050974F /* UIStackView+Extension.swift */ = {isa = PBXFileReference; lastKnownFileType = sourcecode.swift; path = "UIStackView+Extension.swift"; sourceTree = "<group>"; };
		B1631F4F2A175E840050974F /* String+Extension.swift */ = {isa = PBXFileReference; lastKnownFileType = sourcecode.swift; path = "String+Extension.swift"; sourceTree = "<group>"; };
		B1631F512A175EDB0050974F /* UIResponder+Extension.swift */ = {isa = PBXFileReference; lastKnownFileType = sourcecode.swift; path = "UIResponder+Extension.swift"; sourceTree = "<group>"; };
		B1631F532A175F090050974F /* UIImageView+Extension.swift */ = {isa = PBXFileReference; lastKnownFileType = sourcecode.swift; path = "UIImageView+Extension.swift"; sourceTree = "<group>"; };
		B1631F552A175F230050974F /* UICollectionViewCell+Extension.swift */ = {isa = PBXFileReference; lastKnownFileType = sourcecode.swift; path = "UICollectionViewCell+Extension.swift"; sourceTree = "<group>"; };
		B1631F582A175F470050974F /* Notification.Name+Extension.swift */ = {isa = PBXFileReference; lastKnownFileType = sourcecode.swift; path = "Notification.Name+Extension.swift"; sourceTree = "<group>"; };
		B1631F5A2A175F850050974F /* UITextField+Extension.swift */ = {isa = PBXFileReference; lastKnownFileType = sourcecode.swift; path = "UITextField+Extension.swift"; sourceTree = "<group>"; };
		B1631F5C2A175F9C0050974F /* Date+Extension.swift */ = {isa = PBXFileReference; lastKnownFileType = sourcecode.swift; path = "Date+Extension.swift"; sourceTree = "<group>"; };
		B1631F5F2A175FF50050974F /* .keep */ = {isa = PBXFileReference; lastKnownFileType = text; path = .keep; sourceTree = "<group>"; };
		B1631F622A1760020050974F /* .keep */ = {isa = PBXFileReference; lastKnownFileType = text; path = .keep; sourceTree = "<group>"; };
		B1631F652A1760180050974F /* .keep */ = {isa = PBXFileReference; lastKnownFileType = text; path = .keep; sourceTree = "<group>"; };
		B1631F682A1760310050974F /* .keep */ = {isa = PBXFileReference; lastKnownFileType = text; path = .keep; sourceTree = "<group>"; };
/* End PBXFileReference section */

/* Begin PBXFrameworksBuildPhase section */
		B1631F042A1759EA0050974F /* Frameworks */ = {
			isa = PBXFrameworksBuildPhase;
			buildActionMask = 2147483647;
			files = (
			);
			runOnlyForDeploymentPostprocessing = 0;
		};
		B1631F1A2A1759EB0050974F /* Frameworks */ = {
			isa = PBXFrameworksBuildPhase;
			buildActionMask = 2147483647;
			files = (
			);
			runOnlyForDeploymentPostprocessing = 0;
		};
		B1631F242A1759EB0050974F /* Frameworks */ = {
			isa = PBXFrameworksBuildPhase;
			buildActionMask = 2147483647;
			files = (
			);
			runOnlyForDeploymentPostprocessing = 0;
		};
/* End PBXFrameworksBuildPhase section */

/* Begin PBXGroup section */
		B1631EFE2A1759EA0050974F = {
			isa = PBXGroup;
			children = (
				B1631F092A1759EA0050974F /* ZKFace */,
				B1631F202A1759EB0050974F /* ZKFaceTests */,
				B1631F2A2A1759EB0050974F /* ZKFaceUITests */,
				B1631F082A1759EA0050974F /* Products */,
			);
			sourceTree = "<group>";
		};
		B1631F082A1759EA0050974F /* Products */ = {
			isa = PBXGroup;
			children = (
				B1631F072A1759EA0050974F /* ZKFace.app */,
				B1631F1D2A1759EB0050974F /* ZKFaceTests.xctest */,
				B1631F272A1759EB0050974F /* ZKFaceUITests.xctest */,
			);
			name = Products;
			sourceTree = "<group>";
		};
		B1631F092A1759EA0050974F /* ZKFace */ = {
			isa = PBXGroup;
			children = (
				B1631F3A2A175B210050974F /* Global */,
				B1631F3B2A175B290050974F /* Screen */,
			);
			path = ZKFace;
			sourceTree = "<group>";
		};
		B1631F202A1759EB0050974F /* ZKFaceTests */ = {
			isa = PBXGroup;
			children = (
				B1631F212A1759EB0050974F /* ZKFaceTests.swift */,
			);
			path = ZKFaceTests;
			sourceTree = "<group>";
		};
		B1631F2A2A1759EB0050974F /* ZKFaceUITests */ = {
			isa = PBXGroup;
			children = (
				B1631F2B2A1759EB0050974F /* ZKFaceUITests.swift */,
				B1631F2D2A1759EB0050974F /* ZKFaceUITestsLaunchTests.swift */,
			);
			path = ZKFaceUITests;
			sourceTree = "<group>";
		};
		B1631F3A2A175B210050974F /* Global */ = {
			isa = PBXGroup;
			children = (
				B1631F672A1760210050974F /* Components */,
				B1631F642A1760050050974F /* Utilities */,
				B1631F612A175FF80050974F /* Consts */,
				B1631F5E2A175FD00050974F /* Models */,
				B1631F3F2A175B7B0050974F /* API */,
				B1631F3C2A175B4D0050974F /* Extensions */,
				B1631F422A175BA30050974F /* Resources */,
				B1631F462A175BF10050974F /* Supporting Files */,
			);
			path = Global;
			sourceTree = "<group>";
		};
		B1631F3B2A175B290050974F /* Screen */ = {
			isa = PBXGroup;
			children = (
				B1631F442A175BDE0050974F /* .keep */,
			);
			path = Screen;
			sourceTree = "<group>";
		};
		B1631F3C2A175B4D0050974F /* Extensions */ = {
			isa = PBXGroup;
			children = (
				B1631F472A175C780050974F /* UIView+Extension.swift */,
				B1631F492A175D5C0050974F /* UIButton+Extension.swift */,
				B1631F4B2A175DC80050974F /* NSMutableAttributedString+Extension.swift */,
				B1631F4D2A175E350050974F /* UIStackView+Extension.swift */,
				B1631F4F2A175E840050974F /* String+Extension.swift */,
				B1631F512A175EDB0050974F /* UIResponder+Extension.swift */,
				B1631F532A175F090050974F /* UIImageView+Extension.swift */,
				B1631F552A175F230050974F /* UICollectionViewCell+Extension.swift */,
				B1631F582A175F470050974F /* Notification.Name+Extension.swift */,
				B1631F5A2A175F850050974F /* UITextField+Extension.swift */,
				B1631F5C2A175F9C0050974F /* Date+Extension.swift */,
			);
			path = Extensions;
			sourceTree = "<group>";
		};
		B1631F3F2A175B7B0050974F /* API */ = {
			isa = PBXGroup;
			children = (
				B1631F402A175B970050974F /* .keep */,
			);
			path = API;
			sourceTree = "<group>";
		};
		B1631F422A175BA30050974F /* Resources */ = {
			isa = PBXGroup;
			children = (
				B1631F0A2A1759EA0050974F /* AppDelegate.swift */,
				B1631F0C2A1759EA0050974F /* SceneDelegate.swift */,
				B1631F132A1759EB0050974F /* Assets.xcassets */,
				B1631F0E2A1759EA0050974F /* ViewController.swift */,
				B1631F102A1759EA0050974F /* Main.storyboard */,
				B1631F152A1759EB0050974F /* LaunchScreen.storyboard */,
			);
			path = Resources;
			sourceTree = "<group>";
		};
		B1631F462A175BF10050974F /* Supporting Files */ = {
			isa = PBXGroup;
			children = (
				B1631F182A1759EB0050974F /* Info.plist */,
			);
			path = "Supporting Files";
			sourceTree = "<group>";
		};
		B1631F5E2A175FD00050974F /* Models */ = {
			isa = PBXGroup;
			children = (
				B1631F5F2A175FF50050974F /* .keep */,
			);
			path = Models;
			sourceTree = "<group>";
		};
		B1631F612A175FF80050974F /* Consts */ = {
			isa = PBXGroup;
			children = (
				B1631F622A1760020050974F /* .keep */,
			);
			path = Consts;
			sourceTree = "<group>";
		};
		B1631F642A1760050050974F /* Utilities */ = {
			isa = PBXGroup;
			children = (
				B1631F652A1760180050974F /* .keep */,
			);
			path = Utilities;
			sourceTree = "<group>";
		};
		B1631F672A1760210050974F /* Components */ = {
			isa = PBXGroup;
			children = (
				B1631F682A1760310050974F /* .keep */,
			);
			path = Components;
			sourceTree = "<group>";
		};
/* End PBXGroup section */

/* Begin PBXNativeTarget section */
		B1631F062A1759EA0050974F /* ZKFace */ = {
			isa = PBXNativeTarget;
			buildConfigurationList = B1631F312A1759EB0050974F /* Build configuration list for PBXNativeTarget "ZKFace" */;
			buildPhases = (
				B1631F032A1759EA0050974F /* Sources */,
				B1631F042A1759EA0050974F /* Frameworks */,
				B1631F052A1759EA0050974F /* Resources */,
			);
			buildRules = (
			);
			dependencies = (
			);
			name = ZKFace;
			productName = ZKFace;
			productReference = B1631F072A1759EA0050974F /* ZKFace.app */;
			productType = "com.apple.product-type.application";
		};
		B1631F1C2A1759EB0050974F /* ZKFaceTests */ = {
			isa = PBXNativeTarget;
			buildConfigurationList = B1631F342A1759EC0050974F /* Build configuration list for PBXNativeTarget "ZKFaceTests" */;
			buildPhases = (
				B1631F192A1759EB0050974F /* Sources */,
				B1631F1A2A1759EB0050974F /* Frameworks */,
				B1631F1B2A1759EB0050974F /* Resources */,
			);
			buildRules = (
			);
			dependencies = (
				B1631F1F2A1759EB0050974F /* PBXTargetDependency */,
			);
			name = ZKFaceTests;
			productName = ZKFaceTests;
			productReference = B1631F1D2A1759EB0050974F /* ZKFaceTests.xctest */;
			productType = "com.apple.product-type.bundle.unit-test";
		};
		B1631F262A1759EB0050974F /* ZKFaceUITests */ = {
			isa = PBXNativeTarget;
			buildConfigurationList = B1631F372A1759EC0050974F /* Build configuration list for PBXNativeTarget "ZKFaceUITests" */;
			buildPhases = (
				B1631F232A1759EB0050974F /* Sources */,
				B1631F242A1759EB0050974F /* Frameworks */,
				B1631F252A1759EB0050974F /* Resources */,
			);
			buildRules = (
			);
			dependencies = (
				B1631F292A1759EB0050974F /* PBXTargetDependency */,
			);
			name = ZKFaceUITests;
			productName = ZKFaceUITests;
			productReference = B1631F272A1759EB0050974F /* ZKFaceUITests.xctest */;
			productType = "com.apple.product-type.bundle.ui-testing";
		};
/* End PBXNativeTarget section */

/* Begin PBXProject section */
		B1631EFF2A1759EA0050974F /* Project object */ = {
			isa = PBXProject;
			attributes = {
				BuildIndependentTargetsInParallel = 1;
				LastSwiftUpdateCheck = 1430;
				LastUpgradeCheck = 1430;
				TargetAttributes = {
					B1631F062A1759EA0050974F = {
						CreatedOnToolsVersion = 14.3;
					};
					B1631F1C2A1759EB0050974F = {
						CreatedOnToolsVersion = 14.3;
						TestTargetID = B1631F062A1759EA0050974F;
					};
					B1631F262A1759EB0050974F = {
						CreatedOnToolsVersion = 14.3;
						TestTargetID = B1631F062A1759EA0050974F;
					};
				};
			};
			buildConfigurationList = B1631F022A1759EA0050974F /* Build configuration list for PBXProject "ZKFace" */;
			compatibilityVersion = "Xcode 13.0";
			developmentRegion = en;
			hasScannedForEncodings = 0;
			knownRegions = (
				en,
				Base,
			);
			mainGroup = B1631EFE2A1759EA0050974F;
			productRefGroup = B1631F082A1759EA0050974F /* Products */;
			projectDirPath = "";
			projectRoot = "";
			targets = (
				B1631F062A1759EA0050974F /* ZKFace */,
				B1631F1C2A1759EB0050974F /* ZKFaceTests */,
				B1631F262A1759EB0050974F /* ZKFaceUITests */,
			);
		};
/* End PBXProject section */

/* Begin PBXResourcesBuildPhase section */
		B1631F052A1759EA0050974F /* Resources */ = {
			isa = PBXResourcesBuildPhase;
			buildActionMask = 2147483647;
			files = (
				B1631F172A1759EB0050974F /* LaunchScreen.storyboard in Resources */,
				B1631F142A1759EB0050974F /* Assets.xcassets in Resources */,
				B1631F122A1759EA0050974F /* Main.storyboard in Resources */,
			);
			runOnlyForDeploymentPostprocessing = 0;
		};
		B1631F1B2A1759EB0050974F /* Resources */ = {
			isa = PBXResourcesBuildPhase;
			buildActionMask = 2147483647;
			files = (
			);
			runOnlyForDeploymentPostprocessing = 0;
		};
		B1631F252A1759EB0050974F /* Resources */ = {
			isa = PBXResourcesBuildPhase;
			buildActionMask = 2147483647;
			files = (
			);
			runOnlyForDeploymentPostprocessing = 0;
		};
/* End PBXResourcesBuildPhase section */

/* Begin PBXSourcesBuildPhase section */
		B1631F032A1759EA0050974F /* Sources */ = {
			isa = PBXSourcesBuildPhase;
			buildActionMask = 2147483647;
			files = (
				B1631F542A175F090050974F /* UIImageView+Extension.swift in Sources */,
				B1631F502A175E840050974F /* String+Extension.swift in Sources */,
				B1631F0F2A1759EA0050974F /* ViewController.swift in Sources */,
				B1631F4E2A175E350050974F /* UIStackView+Extension.swift in Sources */,
				B1631F0B2A1759EA0050974F /* AppDelegate.swift in Sources */,
				B1631F4C2A175DC80050974F /* NSMutableAttributedString+Extension.swift in Sources */,
				B1631F592A175F470050974F /* Notification.Name+Extension.swift in Sources */,
				B1631F522A175EDB0050974F /* UIResponder+Extension.swift in Sources */,
				B1631F482A175C780050974F /* UIView+Extension.swift in Sources */,
				B1631F4A2A175D5C0050974F /* UIButton+Extension.swift in Sources */,
				B1631F5B2A175F860050974F /* UITextField+Extension.swift in Sources */,
				B1631F5D2A175F9C0050974F /* Date+Extension.swift in Sources */,
				B1631F0D2A1759EA0050974F /* SceneDelegate.swift in Sources */,
				B1631F562A175F230050974F /* UICollectionViewCell+Extension.swift in Sources */,
			);
			runOnlyForDeploymentPostprocessing = 0;
		};
		B1631F192A1759EB0050974F /* Sources */ = {
			isa = PBXSourcesBuildPhase;
			buildActionMask = 2147483647;
			files = (
				B1631F222A1759EB0050974F /* ZKFaceTests.swift in Sources */,
			);
			runOnlyForDeploymentPostprocessing = 0;
		};
		B1631F232A1759EB0050974F /* Sources */ = {
			isa = PBXSourcesBuildPhase;
			buildActionMask = 2147483647;
			files = (
				B1631F2E2A1759EB0050974F /* ZKFaceUITestsLaunchTests.swift in Sources */,
				B1631F2C2A1759EB0050974F /* ZKFaceUITests.swift in Sources */,
			);
			runOnlyForDeploymentPostprocessing = 0;
		};
/* End PBXSourcesBuildPhase section */

/* Begin PBXTargetDependency section */
		B1631F1F2A1759EB0050974F /* PBXTargetDependency */ = {
			isa = PBXTargetDependency;
			target = B1631F062A1759EA0050974F /* ZKFace */;
			targetProxy = B1631F1E2A1759EB0050974F /* PBXContainerItemProxy */;
		};
		B1631F292A1759EB0050974F /* PBXTargetDependency */ = {
			isa = PBXTargetDependency;
			target = B1631F062A1759EA0050974F /* ZKFace */;
			targetProxy = B1631F282A1759EB0050974F /* PBXContainerItemProxy */;
		};
/* End PBXTargetDependency section */

/* Begin PBXVariantGroup section */
		B1631F102A1759EA0050974F /* Main.storyboard */ = {
			isa = PBXVariantGroup;
			children = (
				B1631F112A1759EA0050974F /* Base */,
			);
			name = Main.storyboard;
			sourceTree = "<group>";
		};
		B1631F152A1759EB0050974F /* LaunchScreen.storyboard */ = {
			isa = PBXVariantGroup;
			children = (
				B1631F162A1759EB0050974F /* Base */,
			);
			name = LaunchScreen.storyboard;
			sourceTree = "<group>";
		};
/* End PBXVariantGroup section */

/* Begin XCBuildConfiguration section */
		B1631F2F2A1759EB0050974F /* Debug */ = {
			isa = XCBuildConfiguration;
			buildSettings = {
				ALWAYS_SEARCH_USER_PATHS = NO;
				CLANG_ANALYZER_NONNULL = YES;
				CLANG_ANALYZER_NUMBER_OBJECT_CONVERSION = YES_AGGRESSIVE;
				CLANG_CXX_LANGUAGE_STANDARD = "gnu++20";
				CLANG_ENABLE_MODULES = YES;
				CLANG_ENABLE_OBJC_ARC = YES;
				CLANG_ENABLE_OBJC_WEAK = YES;
				CLANG_WARN_BLOCK_CAPTURE_AUTORELEASING = YES;
				CLANG_WARN_BOOL_CONVERSION = YES;
				CLANG_WARN_COMMA = YES;
				CLANG_WARN_CONSTANT_CONVERSION = YES;
				CLANG_WARN_DEPRECATED_OBJC_IMPLEMENTATIONS = YES;
				CLANG_WARN_DIRECT_OBJC_ISA_USAGE = YES_ERROR;
				CLANG_WARN_DOCUMENTATION_COMMENTS = YES;
				CLANG_WARN_EMPTY_BODY = YES;
				CLANG_WARN_ENUM_CONVERSION = YES;
				CLANG_WARN_INFINITE_RECURSION = YES;
				CLANG_WARN_INT_CONVERSION = YES;
				CLANG_WARN_NON_LITERAL_NULL_CONVERSION = YES;
				CLANG_WARN_OBJC_IMPLICIT_RETAIN_SELF = YES;
				CLANG_WARN_OBJC_LITERAL_CONVERSION = YES;
				CLANG_WARN_OBJC_ROOT_CLASS = YES_ERROR;
				CLANG_WARN_QUOTED_INCLUDE_IN_FRAMEWORK_HEADER = YES;
				CLANG_WARN_RANGE_LOOP_ANALYSIS = YES;
				CLANG_WARN_STRICT_PROTOTYPES = YES;
				CLANG_WARN_SUSPICIOUS_MOVE = YES;
				CLANG_WARN_UNGUARDED_AVAILABILITY = YES_AGGRESSIVE;
				CLANG_WARN_UNREACHABLE_CODE = YES;
				CLANG_WARN__DUPLICATE_METHOD_MATCH = YES;
				COPY_PHASE_STRIP = NO;
				DEBUG_INFORMATION_FORMAT = dwarf;
				ENABLE_STRICT_OBJC_MSGSEND = YES;
				ENABLE_TESTABILITY = YES;
				GCC_C_LANGUAGE_STANDARD = gnu11;
				GCC_DYNAMIC_NO_PIC = NO;
				GCC_NO_COMMON_BLOCKS = YES;
				GCC_OPTIMIZATION_LEVEL = 0;
				GCC_PREPROCESSOR_DEFINITIONS = (
					"DEBUG=1",
					"$(inherited)",
				);
				GCC_WARN_64_TO_32_BIT_CONVERSION = YES;
				GCC_WARN_ABOUT_RETURN_TYPE = YES_ERROR;
				GCC_WARN_UNDECLARED_SELECTOR = YES;
				GCC_WARN_UNINITIALIZED_AUTOS = YES_AGGRESSIVE;
				GCC_WARN_UNUSED_FUNCTION = YES;
				GCC_WARN_UNUSED_VARIABLE = YES;
				IPHONEOS_DEPLOYMENT_TARGET = 16.4;
				MTL_ENABLE_DEBUG_INFO = INCLUDE_SOURCE;
				MTL_FAST_MATH = YES;
				ONLY_ACTIVE_ARCH = YES;
				SDKROOT = iphoneos;
				SWIFT_ACTIVE_COMPILATION_CONDITIONS = DEBUG;
				SWIFT_OPTIMIZATION_LEVEL = "-Onone";
			};
			name = Debug;
		};
		B1631F302A1759EB0050974F /* Release */ = {
			isa = XCBuildConfiguration;
			buildSettings = {
				ALWAYS_SEARCH_USER_PATHS = NO;
				CLANG_ANALYZER_NONNULL = YES;
				CLANG_ANALYZER_NUMBER_OBJECT_CONVERSION = YES_AGGRESSIVE;
				CLANG_CXX_LANGUAGE_STANDARD = "gnu++20";
				CLANG_ENABLE_MODULES = YES;
				CLANG_ENABLE_OBJC_ARC = YES;
				CLANG_ENABLE_OBJC_WEAK = YES;
				CLANG_WARN_BLOCK_CAPTURE_AUTORELEASING = YES;
				CLANG_WARN_BOOL_CONVERSION = YES;
				CLANG_WARN_COMMA = YES;
				CLANG_WARN_CONSTANT_CONVERSION = YES;
				CLANG_WARN_DEPRECATED_OBJC_IMPLEMENTATIONS = YES;
				CLANG_WARN_DIRECT_OBJC_ISA_USAGE = YES_ERROR;
				CLANG_WARN_DOCUMENTATION_COMMENTS = YES;
				CLANG_WARN_EMPTY_BODY = YES;
				CLANG_WARN_ENUM_CONVERSION = YES;
				CLANG_WARN_INFINITE_RECURSION = YES;
				CLANG_WARN_INT_CONVERSION = YES;
				CLANG_WARN_NON_LITERAL_NULL_CONVERSION = YES;
				CLANG_WARN_OBJC_IMPLICIT_RETAIN_SELF = YES;
				CLANG_WARN_OBJC_LITERAL_CONVERSION = YES;
				CLANG_WARN_OBJC_ROOT_CLASS = YES_ERROR;
				CLANG_WARN_QUOTED_INCLUDE_IN_FRAMEWORK_HEADER = YES;
				CLANG_WARN_RANGE_LOOP_ANALYSIS = YES;
				CLANG_WARN_STRICT_PROTOTYPES = YES;
				CLANG_WARN_SUSPICIOUS_MOVE = YES;
				CLANG_WARN_UNGUARDED_AVAILABILITY = YES_AGGRESSIVE;
				CLANG_WARN_UNREACHABLE_CODE = YES;
				CLANG_WARN__DUPLICATE_METHOD_MATCH = YES;
				COPY_PHASE_STRIP = NO;
				DEBUG_INFORMATION_FORMAT = "dwarf-with-dsym";
				ENABLE_NS_ASSERTIONS = NO;
				ENABLE_STRICT_OBJC_MSGSEND = YES;
				GCC_C_LANGUAGE_STANDARD = gnu11;
				GCC_NO_COMMON_BLOCKS = YES;
				GCC_WARN_64_TO_32_BIT_CONVERSION = YES;
				GCC_WARN_ABOUT_RETURN_TYPE = YES_ERROR;
				GCC_WARN_UNDECLARED_SELECTOR = YES;
				GCC_WARN_UNINITIALIZED_AUTOS = YES_AGGRESSIVE;
				GCC_WARN_UNUSED_FUNCTION = YES;
				GCC_WARN_UNUSED_VARIABLE = YES;
				IPHONEOS_DEPLOYMENT_TARGET = 16.4;
				MTL_ENABLE_DEBUG_INFO = NO;
				MTL_FAST_MATH = YES;
				SDKROOT = iphoneos;
				SWIFT_COMPILATION_MODE = wholemodule;
				SWIFT_OPTIMIZATION_LEVEL = "-O";
				VALIDATE_PRODUCT = YES;
			};
			name = Release;
		};
		B1631F322A1759EB0050974F /* Debug */ = {
			isa = XCBuildConfiguration;
			buildSettings = {
				ASSETCATALOG_COMPILER_APPICON_NAME = AppIcon;
				ASSETCATALOG_COMPILER_GLOBAL_ACCENT_COLOR_NAME = AccentColor;
				CODE_SIGN_STYLE = Automatic;
				CURRENT_PROJECT_VERSION = 1;
				DEVELOPMENT_TEAM = J92QJ4K4KU;
				GENERATE_INFOPLIST_FILE = YES;
				INFOPLIST_FILE = "ZKFace/Global/Supporting Files/Info.plist";
				INFOPLIST_KEY_UIApplicationSupportsIndirectInputEvents = YES;
				INFOPLIST_KEY_UILaunchStoryboardName = LaunchScreen;
				INFOPLIST_KEY_UIMainStoryboardFile = Main;
				INFOPLIST_KEY_UISupportedInterfaceOrientations_iPad = "UIInterfaceOrientationPortrait UIInterfaceOrientationPortraitUpsideDown UIInterfaceOrientationLandscapeLeft UIInterfaceOrientationLandscapeRight";
				INFOPLIST_KEY_UISupportedInterfaceOrientations_iPhone = "UIInterfaceOrientationPortrait UIInterfaceOrientationLandscapeLeft UIInterfaceOrientationLandscapeRight";
				LD_RUNPATH_SEARCH_PATHS = (
					"$(inherited)",
					"@executable_path/Frameworks",
				);
				MARKETING_VERSION = 1.0;
				PRODUCT_BUNDLE_IDENTIFIER = com.glitchhackathon.zkface;
				PRODUCT_NAME = "$(TARGET_NAME)";
				SWIFT_EMIT_LOC_STRINGS = YES;
				SWIFT_VERSION = 5.0;
				TARGETED_DEVICE_FAMILY = "1,2";
			};
			name = Debug;
		};
		B1631F332A1759EB0050974F /* Release */ = {
			isa = XCBuildConfiguration;
			buildSettings = {
				ASSETCATALOG_COMPILER_APPICON_NAME = AppIcon;
				ASSETCATALOG_COMPILER_GLOBAL_ACCENT_COLOR_NAME = AccentColor;
				CODE_SIGN_STYLE = Automatic;
				CURRENT_PROJECT_VERSION = 1;
				DEVELOPMENT_TEAM = J92QJ4K4KU;
				GENERATE_INFOPLIST_FILE = YES;
				INFOPLIST_FILE = "ZKFace/Global/Supporting Files/Info.plist";
				INFOPLIST_KEY_UIApplicationSupportsIndirectInputEvents = YES;
				INFOPLIST_KEY_UILaunchStoryboardName = LaunchScreen;
				INFOPLIST_KEY_UIMainStoryboardFile = Main;
				INFOPLIST_KEY_UISupportedInterfaceOrientations_iPad = "UIInterfaceOrientationPortrait UIInterfaceOrientationPortraitUpsideDown UIInterfaceOrientationLandscapeLeft UIInterfaceOrientationLandscapeRight";
				INFOPLIST_KEY_UISupportedInterfaceOrientations_iPhone = "UIInterfaceOrientationPortrait UIInterfaceOrientationLandscapeLeft UIInterfaceOrientationLandscapeRight";
				LD_RUNPATH_SEARCH_PATHS = (
					"$(inherited)",
					"@executable_path/Frameworks",
				);
				MARKETING_VERSION = 1.0;
				PRODUCT_BUNDLE_IDENTIFIER = com.glitchhackathon.zkface;
				PRODUCT_NAME = "$(TARGET_NAME)";
				SWIFT_EMIT_LOC_STRINGS = YES;
				SWIFT_VERSION = 5.0;
				TARGETED_DEVICE_FAMILY = "1,2";
			};
			name = Release;
		};
		B1631F352A1759EC0050974F /* Debug */ = {
			isa = XCBuildConfiguration;
			buildSettings = {
				ALWAYS_EMBED_SWIFT_STANDARD_LIBRARIES = YES;
				BUNDLE_LOADER = "$(TEST_HOST)";
				CODE_SIGN_STYLE = Automatic;
				CURRENT_PROJECT_VERSION = 1;
				DEVELOPMENT_TEAM = J92QJ4K4KU;
				GENERATE_INFOPLIST_FILE = YES;
				IPHONEOS_DEPLOYMENT_TARGET = 16.4;
				MARKETING_VERSION = 1.0;
				PRODUCT_BUNDLE_IDENTIFIER = com.glitchhackathon.zkface.ZKFaceTests;
				PRODUCT_NAME = "$(TARGET_NAME)";
				SWIFT_EMIT_LOC_STRINGS = NO;
				SWIFT_VERSION = 5.0;
				TARGETED_DEVICE_FAMILY = "1,2";
				TEST_HOST = "$(BUILT_PRODUCTS_DIR)/ZKFace.app/$(BUNDLE_EXECUTABLE_FOLDER_PATH)/ZKFace";
			};
			name = Debug;
		};
		B1631F362A1759EC0050974F /* Release */ = {
			isa = XCBuildConfiguration;
			buildSettings = {
				ALWAYS_EMBED_SWIFT_STANDARD_LIBRARIES = YES;
				BUNDLE_LOADER = "$(TEST_HOST)";
				CODE_SIGN_STYLE = Automatic;
				CURRENT_PROJECT_VERSION = 1;
				DEVELOPMENT_TEAM = J92QJ4K4KU;
				GENERATE_INFOPLIST_FILE = YES;
				IPHONEOS_DEPLOYMENT_TARGET = 16.4;
				MARKETING_VERSION = 1.0;
				PRODUCT_BUNDLE_IDENTIFIER = com.glitchhackathon.zkface.ZKFaceTests;
				PRODUCT_NAME = "$(TARGET_NAME)";
				SWIFT_EMIT_LOC_STRINGS = NO;
				SWIFT_VERSION = 5.0;
				TARGETED_DEVICE_FAMILY = "1,2";
				TEST_HOST = "$(BUILT_PRODUCTS_DIR)/ZKFace.app/$(BUNDLE_EXECUTABLE_FOLDER_PATH)/ZKFace";
			};
			name = Release;
		};
		B1631F382A1759EC0050974F /* Debug */ = {
			isa = XCBuildConfiguration;
			buildSettings = {
				ALWAYS_EMBED_SWIFT_STANDARD_LIBRARIES = YES;
				CODE_SIGN_STYLE = Automatic;
				CURRENT_PROJECT_VERSION = 1;
				DEVELOPMENT_TEAM = J92QJ4K4KU;
				GENERATE_INFOPLIST_FILE = YES;
				MARKETING_VERSION = 1.0;
				PRODUCT_BUNDLE_IDENTIFIER = com.glitchhackathon.zkface.ZKFaceUITests;
				PRODUCT_NAME = "$(TARGET_NAME)";
				SWIFT_EMIT_LOC_STRINGS = NO;
				SWIFT_VERSION = 5.0;
				TARGETED_DEVICE_FAMILY = "1,2";
				TEST_TARGET_NAME = ZKFace;
			};
			name = Debug;
		};
		B1631F392A1759EC0050974F /* Release */ = {
			isa = XCBuildConfiguration;
			buildSettings = {
				ALWAYS_EMBED_SWIFT_STANDARD_LIBRARIES = YES;
				CODE_SIGN_STYLE = Automatic;
				CURRENT_PROJECT_VERSION = 1;
				DEVELOPMENT_TEAM = J92QJ4K4KU;
				GENERATE_INFOPLIST_FILE = YES;
				MARKETING_VERSION = 1.0;
				PRODUCT_BUNDLE_IDENTIFIER = com.glitchhackathon.zkface.ZKFaceUITests;
				PRODUCT_NAME = "$(TARGET_NAME)";
				SWIFT_EMIT_LOC_STRINGS = NO;
				SWIFT_VERSION = 5.0;
				TARGETED_DEVICE_FAMILY = "1,2";
				TEST_TARGET_NAME = ZKFace;
			};
			name = Release;
		};
/* End XCBuildConfiguration section */

/* Begin XCConfigurationList section */
		B1631F022A1759EA0050974F /* Build configuration list for PBXProject "ZKFace" */ = {
			isa = XCConfigurationList;
			buildConfigurations = (
				B1631F2F2A1759EB0050974F /* Debug */,
				B1631F302A1759EB0050974F /* Release */,
			);
			defaultConfigurationIsVisible = 0;
			defaultConfigurationName = Release;
		};
		B1631F312A1759EB0050974F /* Build configuration list for PBXNativeTarget "ZKFace" */ = {
			isa = XCConfigurationList;
			buildConfigurations = (
				B1631F322A1759EB0050974F /* Debug */,
				B1631F332A1759EB0050974F /* Release */,
			);
			defaultConfigurationIsVisible = 0;
			defaultConfigurationName = Release;
		};
		B1631F342A1759EC0050974F /* Build configuration list for PBXNativeTarget "ZKFaceTests" */ = {
			isa = XCConfigurationList;
			buildConfigurations = (
				B1631F352A1759EC0050974F /* Debug */,
				B1631F362A1759EC0050974F /* Release */,
			);
			defaultConfigurationIsVisible = 0;
			defaultConfigurationName = Release;
		};
		B1631F372A1759EC0050974F /* Build configuration list for PBXNativeTarget "ZKFaceUITests" */ = {
			isa = XCConfigurationList;
			buildConfigurations = (
				B1631F382A1759EC0050974F /* Debug */,
				B1631F392A1759EC0050974F /* Release */,
			);
			defaultConfigurationIsVisible = 0;
			defaultConfigurationName = Release;
		};
/* End XCConfigurationList section */
	};
	rootObject = B1631EFF2A1759EA0050974F /* Project object */;
}
